// !$*UTF8*$!
{
	archiveVersion = 1;
	classes = {
	};
	objectVersion = 50;
	objects = {

/* Begin PBXBuildFile section */
		140986AA23BC0807003D7271 /* AddBookVC.swift in Sources */ = {isa = PBXBuildFile; fileRef = 140986A923BC0807003D7271 /* AddBookVC.swift */; };
		140986B323BC08B4003D7271 /* Assets.xcassets in Resources */ = {isa = PBXBuildFile; fileRef = 140986B223BC08B4003D7271 /* Assets.xcassets */; };
		14ADA9D323B2D35C000C2227 /* AppDelegate.swift in Sources */ = {isa = PBXBuildFile; fileRef = 14ADA9D223B2D35C000C2227 /* AppDelegate.swift */; };
		14ADA9D523B2D35C000C2227 /* SceneDelegate.swift in Sources */ = {isa = PBXBuildFile; fileRef = 14ADA9D423B2D35C000C2227 /* SceneDelegate.swift */; };
		14ADA9D723B2D35C000C2227 /* ViewController.swift in Sources */ = {isa = PBXBuildFile; fileRef = 14ADA9D623B2D35C000C2227 /* ViewController.swift */; };
		14ADA9DA23B2D35C000C2227 /* Main.storyboard in Resources */ = {isa = PBXBuildFile; fileRef = 14ADA9D823B2D35C000C2227 /* Main.storyboard */; };
		14ADA9DF23B2D35D000C2227 /* LaunchScreen.storyboard in Resources */ = {isa = PBXBuildFile; fileRef = 14ADA9DD23B2D35D000C2227 /* LaunchScreen.storyboard */; };
		14ADA9EA23B2D35E000C2227 /* Restaurant_MenuUITests.swift in Sources */ = {isa = PBXBuildFile; fileRef = 14ADA9E923B2D35E000C2227 /* Restaurant_MenuUITests.swift */; };
		14ADA9F523B2D3AC000C2227 /* TableViewCell.swift in Sources */ = {isa = PBXBuildFile; fileRef = 14ADA9F423B2D3AC000C2227 /* TableViewCell.swift */; };
/* End PBXBuildFile section */

/* Begin PBXContainerItemProxy section */
		14ADA9E623B2D35E000C2227 /* PBXContainerItemProxy */ = {
			isa = PBXContainerItemProxy;
			containerPortal = 14ADA9C723B2D35C000C2227 /* Project object */;
			proxyType = 1;
			remoteGlobalIDString = 14ADA9CE23B2D35C000C2227;
			remoteInfo = "Restaurant Menu";
		};
/* End PBXContainerItemProxy section */

/* Begin PBXFileReference section */
		140986A923BC0807003D7271 /* AddBookVC.swift */ = {isa = PBXFileReference; lastKnownFileType = sourcecode.swift; path = AddBookVC.swift; sourceTree = "<group>"; };
		140986B223BC08B4003D7271 /* Assets.xcassets */ = {isa = PBXFileReference; lastKnownFileType = folder.assetcatalog; name = Assets.xcassets; path = "../../../../../../../../Documents/Bootxamp Xcode Projects/Unit4/Restaurant Menu/Restaurant Menu/Assets.xcassets"; sourceTree = "<group>"; };
		14ADA9CF23B2D35C000C2227 /* Book List.app */ = {isa = PBXFileReference; explicitFileType = wrapper.application; includeInIndex = 0; path = "Book List.app"; sourceTree = BUILT_PRODUCTS_DIR; };
		14ADA9D223B2D35C000C2227 /* AppDelegate.swift */ = {isa = PBXFileReference; lastKnownFileType = sourcecode.swift; path = AppDelegate.swift; sourceTree = "<group>"; };
		14ADA9D423B2D35C000C2227 /* SceneDelegate.swift */ = {isa = PBXFileReference; lastKnownFileType = sourcecode.swift; path = SceneDelegate.swift; sourceTree = "<group>"; };
		14ADA9D623B2D35C000C2227 /* ViewController.swift */ = {isa = PBXFileReference; lastKnownFileType = sourcecode.swift; path = ViewController.swift; sourceTree = "<group>"; };
		14ADA9D923B2D35C000C2227 /* Base */ = {isa = PBXFileReference; lastKnownFileType = file.storyboard; name = Base; path = Base.lproj/Main.storyboard; sourceTree = "<group>"; };
		14ADA9DE23B2D35D000C2227 /* Base */ = {isa = PBXFileReference; lastKnownFileType = file.storyboard; name = Base; path = Base.lproj/LaunchScreen.storyboard; sourceTree = "<group>"; };
		14ADA9E023B2D35D000C2227 /* Info.plist */ = {isa = PBXFileReference; lastKnownFileType = text.plist.xml; path = Info.plist; sourceTree = "<group>"; };
		14ADA9E523B2D35E000C2227 /* Book ListUITests.xctest */ = {isa = PBXFileReference; explicitFileType = wrapper.cfbundle; includeInIndex = 0; path = "Book ListUITests.xctest"; sourceTree = BUILT_PRODUCTS_DIR; };
		14ADA9E923B2D35E000C2227 /* Restaurant_MenuUITests.swift */ = {isa = PBXFileReference; lastKnownFileType = sourcecode.swift; path = Restaurant_MenuUITests.swift; sourceTree = "<group>"; };
		14ADA9EB23B2D35E000C2227 /* Info.plist */ = {isa = PBXFileReference; lastKnownFileType = text.plist.xml; path = Info.plist; sourceTree = "<group>"; };
		14ADA9F423B2D3AC000C2227 /* TableViewCell.swift */ = {isa = PBXFileReference; lastKnownFileType = sourcecode.swift; path = TableViewCell.swift; sourceTree = "<group>"; };
/* End PBXFileReference section */

/* Begin PBXFrameworksBuildPhase section */
		14ADA9CC23B2D35C000C2227 /* Frameworks */ = {
			isa = PBXFrameworksBuildPhase;
			buildActionMask = 2147483647;
			files = (
			);
			runOnlyForDeploymentPostprocessing = 0;
		};
		14ADA9E223B2D35E000C2227 /* Frameworks */ = {
			isa = PBXFrameworksBuildPhase;
			buildActionMask = 2147483647;
			files = (
			);
			runOnlyForDeploymentPostprocessing = 0;
		};
/* End PBXFrameworksBuildPhase section */

/* Begin PBXGroup section */
		14ADA9C623B2D35C000C2227 = {
			isa = PBXGroup;
			children = (
				14ADA9D123B2D35C000C2227 /* Book List */,
				14ADA9E823B2D35E000C2227 /* Book ListUITests */,
				14ADA9D023B2D35C000C2227 /* Products */,
			);
			sourceTree = "<group>";
		};
		14ADA9D023B2D35C000C2227 /* Products */ = {
			isa = PBXGroup;
			children = (
				14ADA9CF23B2D35C000C2227 /* Book List.app */,
				14ADA9E523B2D35E000C2227 /* Book ListUITests.xctest */,
			);
			name = Products;
			sourceTree = "<group>";
		};
		14ADA9D123B2D35C000C2227 /* Book List */ = {
			isa = PBXGroup;
			children = (
				14ADA9D223B2D35C000C2227 /* AppDelegate.swift */,
				14ADA9D423B2D35C000C2227 /* SceneDelegate.swift */,
				14ADA9D623B2D35C000C2227 /* ViewController.swift */,
				140986B223BC08B4003D7271 /* Assets.xcassets */,
				14ADA9D823B2D35C000C2227 /* Main.storyboard */,
				14ADA9DD23B2D35D000C2227 /* LaunchScreen.storyboard */,
				14ADA9E023B2D35D000C2227 /* Info.plist */,
				14ADA9F423B2D3AC000C2227 /* TableViewCell.swift */,
				140986A923BC0807003D7271 /* AddBookVC.swift */,
			);
			path = "Book List";
			sourceTree = "<group>";
		};
		14ADA9E823B2D35E000C2227 /* Book ListUITests */ = {
			isa = PBXGroup;
			children = (
				14ADA9E923B2D35E000C2227 /* Restaurant_MenuUITests.swift */,
				14ADA9EB23B2D35E000C2227 /* Info.plist */,
			);
			path = "Book ListUITests";
			sourceTree = "<group>";
		};
/* End PBXGroup section */

/* Begin PBXNativeTarget section */
		14ADA9CE23B2D35C000C2227 /* Book List */ = {
			isa = PBXNativeTarget;
			buildConfigurationList = 14ADA9EE23B2D35E000C2227 /* Build configuration list for PBXNativeTarget "Book List" */;
			buildPhases = (
				14ADA9CB23B2D35C000C2227 /* Sources */,
				14ADA9CC23B2D35C000C2227 /* Frameworks */,
				14ADA9CD23B2D35C000C2227 /* Resources */,
			);
			buildRules = (
			);
			dependencies = (
			);
			name = "Book List";
			productName = "Restaurant Menu";
			productReference = 14ADA9CF23B2D35C000C2227 /* Book List.app */;
			productType = "com.apple.product-type.application";
		};
		14ADA9E423B2D35E000C2227 /* Book ListUITests */ = {
			isa = PBXNativeTarget;
			buildConfigurationList = 14ADA9F123B2D35E000C2227 /* Build configuration list for PBXNativeTarget "Book ListUITests" */;
			buildPhases = (
				14ADA9E123B2D35E000C2227 /* Sources */,
				14ADA9E223B2D35E000C2227 /* Frameworks */,
				14ADA9E323B2D35E000C2227 /* Resources */,
			);
			buildRules = (
			);
			dependencies = (
				14ADA9E723B2D35E000C2227 /* PBXTargetDependency */,
			);
			name = "Book ListUITests";
			productName = "Restaurant MenuUITests";
			productReference = 14ADA9E523B2D35E000C2227 /* Book ListUITests.xctest */;
			productType = "com.apple.product-type.bundle.ui-testing";
		};
/* End PBXNativeTarget section */

/* Begin PBXProject section */
		14ADA9C723B2D35C000C2227 /* Project object */ = {
			isa = PBXProject;
			attributes = {
				LastSwiftUpdateCheck = 1120;
				LastUpgradeCheck = 1120;
				ORGANIZATIONNAME = "Noura Aziz";
				TargetAttributes = {
					14ADA9CE23B2D35C000C2227 = {
						CreatedOnToolsVersion = 11.2;
					};
					14ADA9E423B2D35E000C2227 = {
						CreatedOnToolsVersion = 11.2;
						TestTargetID = 14ADA9CE23B2D35C000C2227;
					};
				};
			};
			buildConfigurationList = 14ADA9CA23B2D35C000C2227 /* Build configuration list for PBXProject "Book List" */;
			compatibilityVersion = "Xcode 9.3";
			developmentRegion = en;
			hasScannedForEncodings = 0;
			knownRegions = (
				en,
				Base,
			);
			mainGroup = 14ADA9C623B2D35C000C2227;
			productRefGroup = 14ADA9D023B2D35C000C2227 /* Products */;
			projectDirPath = "";
			projectRoot = "";
			targets = (
				14ADA9CE23B2D35C000C2227 /* Book List */,
				14ADA9E423B2D35E000C2227 /* Book ListUITests */,
			);
		};
/* End PBXProject section */

/* Begin PBXResourcesBuildPhase section */
		14ADA9CD23B2D35C000C2227 /* Resources */ = {
			isa = PBXResourcesBuildPhase;
			buildActionMask = 2147483647;
			files = (
				14ADA9DF23B2D35D000C2227 /* LaunchScreen.storyboard in Resources */,
				140986B323BC08B4003D7271 /* Assets.xcassets in Resources */,
				14ADA9DA23B2D35C000C2227 /* Main.storyboard in Resources */,
			);
			runOnlyForDeploymentPostprocessing = 0;
		};
		14ADA9E323B2D35E000C2227 /* Resources */ = {
			isa = PBXResourcesBuildPhase;
			buildActionMask = 2147483647;
			files = (
			);
			runOnlyForDeploymentPostprocessing = 0;
		};
/* End PBXResourcesBuildPhase section */

/* Begin PBXSourcesBuildPhase section */
		14ADA9CB23B2D35C000C2227 /* Sources */ = {
			isa = PBXSourcesBuildPhase;
			buildActionMask = 2147483647;
			files = (
				14ADA9D723B2D35C000C2227 /* ViewController.swift in Sources */,
				14ADA9F523B2D3AC000C2227 /* TableViewCell.swift in Sources */,
				14ADA9D323B2D35C000C2227 /* AppDelegate.swift in Sources */,
				14ADA9D523B2D35C000C2227 /* SceneDelegate.swift in Sources */,
				140986AA23BC0807003D7271 /* AddBookVC.swift in Sources */,
			);
			runOnlyForDeploymentPostprocessing = 0;
		};
		14ADA9E123B2D35E000C2227 /* Sources */ = {
			isa = PBXSourcesBuildPhase;
			buildActionMask = 2147483647;
			files = (
				14ADA9EA23B2D35E000C2227 /* Restaurant_MenuUITests.swift in Sources */,
			);
			runOnlyForDeploymentPostprocessing = 0;
		};
/* End PBXSourcesBuildPhase section */

/* Begin PBXTargetDependency section */
		14ADA9E723B2D35E000C2227 /* PBXTargetDependency */ = {
			isa = PBXTargetDependency;
			target = 14ADA9CE23B2D35C000C2227 /* Book List */;
			targetProxy = 14ADA9E623B2D35E000C2227 /* PBXContainerItemProxy */;
		};
/* End PBXTargetDependency section */

/* Begin PBXVariantGroup section */
		14ADA9D823B2D35C000C2227 /* Main.storyboard */ = {
			isa = PBXVariantGroup;
			children = (
				14ADA9D923B2D35C000C2227 /* Base */,
			);
			name = Main.storyboard;
			sourceTree = "<group>";
		};
		14ADA9DD23B2D35D000C2227 /* LaunchScreen.storyboard */ = {
			isa = PBXVariantGroup;
			children = (
				14ADA9DE23B2D35D000C2227 /* Base */,
			);
			name = LaunchScreen.storyboard;
			sourceTree = "<group>";
		};
/* End PBXVariantGroup section */

/* Begin XCBuildConfiguration section */
		14ADA9EC23B2D35E000C2227 /* Debug */ = {
			isa = XCBuildConfiguration;
			buildSettings = {
				ALWAYS_SEARCH_USER_PATHS = NO;
				CLANG_ANALYZER_NONNULL = YES;
				CLANG_ANALYZER_NUMBER_OBJECT_CONVERSION = YES_AGGRESSIVE;
				CLANG_CXX_LANGUAGE_STANDARD = "gnu++14";
				CLANG_CXX_LIBRARY = "libc++";
				CLANG_ENABLE_MODULES = YES;
				CLANG_ENABLE_OBJC_ARC = YES;
				CLANG_ENABLE_OBJC_WEAK = YES;
				CLANG_WARN_BLOCK_CAPTURE_AUTORELEASING = YES;
				CLANG_WARN_BOOL_CONVERSION = YES;
				CLANG_WARN_COMMA = YES;
				CLANG_WARN_CONSTANT_CONVERSION = YES;
				CLANG_WARN_DEPRECATED_OBJC_IMPLEMENTATIONS = YES;
				CLANG_WARN_DIRECT_OBJC_ISA_USAGE = YES_ERROR;
				CLANG_WARN_DOCUMENTATION_COMMENTS = YES;
				CLANG_WARN_EMPTY_BODY = YES;
				CLANG_WARN_ENUM_CONVERSION = YES;
				CLANG_WARN_INFINITE_RECURSION = YES;
				CLANG_WARN_INT_CONVERSION = YES;
				CLANG_WARN_NON_LITERAL_NULL_CONVERSION = YES;
				CLANG_WARN_OBJC_IMPLICIT_RETAIN_SELF = YES;
				CLANG_WARN_OBJC_LITERAL_CONVERSION = YES;
				CLANG_WARN_OBJC_ROOT_CLASS = YES_ERROR;
				CLANG_WARN_RANGE_LOOP_ANALYSIS = YES;
				CLANG_WARN_STRICT_PROTOTYPES = YES;
				CLANG_WARN_SUSPICIOUS_MOVE = YES;
				CLANG_WARN_UNGUARDED_AVAILABILITY = YES_AGGRESSIVE;
				CLANG_WARN_UNREACHABLE_CODE = YES;
				CLANG_WARN__DUPLICATE_METHOD_MATCH = YES;
				COPY_PHASE_STRIP = NO;
				DEBUG_INFORMATION_FORMAT = dwarf;
				ENABLE_STRICT_OBJC_MSGSEND = YES;
				ENABLE_TESTABILITY = YES;
				GCC_C_LANGUAGE_STANDARD = gnu11;
				GCC_DYNAMIC_NO_PIC = NO;
				GCC_NO_COMMON_BLOCKS = YES;
				GCC_OPTIMIZATION_LEVEL = 0;
				GCC_PREPROCESSOR_DEFINITIONS = (
					"DEBUG=1",
					"$(inherited)",
				);
				GCC_WARN_64_TO_32_BIT_CONVERSION = YES;
				GCC_WARN_ABOUT_RETURN_TYPE = YES_ERROR;
				GCC_WARN_UNDECLARED_SELECTOR = YES;
				GCC_WARN_UNINITIALIZED_AUTOS = YES_AGGRESSIVE;
				GCC_WARN_UNUSED_FUNCTION = YES;
				GCC_WARN_UNUSED_VARIABLE = YES;
				IPHONEOS_DEPLOYMENT_TARGET = 13.2;
				MTL_ENABLE_DEBUG_INFO = INCLUDE_SOURCE;
				MTL_FAST_MATH = YES;
				ONLY_ACTIVE_ARCH = YES;
				SDKROOT = iphoneos;
				SWIFT_ACTIVE_COMPILATION_CONDITIONS = DEBUG;
				SWIFT_OPTIMIZATION_LEVEL = "-Onone";
			};
			name = Debug;
		};
		14ADA9ED23B2D35E000C2227 /* Release */ = {
			isa = XCBuildConfiguration;
			buildSettings = {
				ALWAYS_SEARCH_USER_PATHS = NO;
				CLANG_ANALYZER_NONNULL = YES;
				CLANG_ANALYZER_NUMBER_OBJECT_CONVERSION = YES_AGGRESSIVE;
				CLANG_CXX_LANGUAGE_STANDARD = "gnu++14";
				CLANG_CXX_LIBRARY = "libc++";
				CLANG_ENABLE_MODULES = YES;
				CLANG_ENABLE_OBJC_ARC = YES;
				CLANG_ENABLE_OBJC_WEAK = YES;
				CLANG_WARN_BLOCK_CAPTURE_AUTORELEASING = YES;
				CLANG_WARN_BOOL_CONVERSION = YES;
				CLANG_WARN_COMMA = YES;
				CLANG_WARN_CONSTANT_CONVERSION = YES;
				CLANG_WARN_DEPRECATED_OBJC_IMPLEMENTATIONS = YES;
				CLANG_WARN_DIRECT_OBJC_ISA_USAGE = YES_ERROR;
				CLANG_WARN_DOCUMENTATION_COMMENTS = YES;
				CLANG_WARN_EMPTY_BODY = YES;
				CLANG_WARN_ENUM_CONVERSION = YES;
				CLANG_WARN_INFINITE_RECURSION = YES;
				CLANG_WARN_INT_CONVERSION = YES;
				CLANG_WARN_NON_LITERAL_NULL_CONVERSION = YES;
				CLANG_WARN_OBJC_IMPLICIT_RETAIN_SELF = YES;
				CLANG_WARN_OBJC_LITERAL_CONVERSION = YES;
				CLANG_WARN_OBJC_ROOT_CLASS = YES_ERROR;
				CLANG_WARN_RANGE_LOOP_ANALYSIS = YES;
				CLANG_WARN_STRICT_PROTOTYPES = YES;
				CLANG_WARN_SUSPICIOUS_MOVE = YES;
				CLANG_WARN_UNGUARDED_AVAILABILITY = YES_AGGRESSIVE;
				CLANG_WARN_UNREACHABLE_CODE = YES;
				CLANG_WARN__DUPLICATE_METHOD_MATCH = YES;
				COPY_PHASE_STRIP = NO;
				DEBUG_INFORMATION_FORMAT = "dwarf-with-dsym";
				ENABLE_NS_ASSERTIONS = NO;
				ENABLE_STRICT_OBJC_MSGSEND = YES;
				GCC_C_LANGUAGE_STANDARD = gnu11;
				GCC_NO_COMMON_BLOCKS = YES;
				GCC_WARN_64_TO_32_BIT_CONVERSION = YES;
				GCC_WARN_ABOUT_RETURN_TYPE = YES_ERROR;
				GCC_WARN_UNDECLARED_SELECTOR = YES;
				GCC_WARN_UNINITIALIZED_AUTOS = YES_AGGRESSIVE;
				GCC_WARN_UNUSED_FUNCTION = YES;
				GCC_WARN_UNUSED_VARIABLE = YES;
				IPHONEOS_DEPLOYMENT_TARGET = 13.2;
				MTL_ENABLE_DEBUG_INFO = NO;
				MTL_FAST_MATH = YES;
				SDKROOT = iphoneos;
				SWIFT_COMPILATION_MODE = wholemodule;
				SWIFT_OPTIMIZATION_LEVEL = "-O";
				VALIDATE_PRODUCT = YES;
			};
			name = Release;
		};
		14ADA9EF23B2D35E000C2227 /* Debug */ = {
			isa = XCBuildConfiguration;
			buildSettings = {
				ASSETCATALOG_COMPILER_APPICON_NAME = AppIcon;
				CODE_SIGN_STYLE = Automatic;
				DEVELOPMENT_TEAM = 232776J4C5;
				INFOPLIST_FILE = "Book List/Info.plist";
				LD_RUNPATH_SEARCH_PATHS = (
					"$(inherited)",
					"@executable_path/Frameworks",
				);
				PRODUCT_BUNDLE_IDENTIFIER = "com.noura.Book-List";
				PRODUCT_NAME = "Book List";
				SWIFT_VERSION = 5.0;
				TARGETED_DEVICE_FAMILY = "1,2";
			};
			name = Debug;
		};
		14ADA9F023B2D35E000C2227 /* Release */ = {
			isa = XCBuildConfiguration;
			buildSettings = {
				ASSETCATALOG_COMPILER_APPICON_NAME = AppIcon;
				CODE_SIGN_STYLE = Automatic;
				DEVELOPMENT_TEAM = 232776J4C5;
				INFOPLIST_FILE = "Book List/Info.plist";
				LD_RUNPATH_SEARCH_PATHS = (
					"$(inherited)",
					"@executable_path/Frameworks",
				);
				PRODUCT_BUNDLE_IDENTIFIER = "com.noura.Book-List";
				PRODUCT_NAME = "Book List";
				SWIFT_VERSION = 5.0;
				TARGETED_DEVICE_FAMILY = "1,2";
			};
			name = Release;
		};
		14ADA9F223B2D35E000C2227 /* Debug */ = {
			isa = XCBuildConfiguration;
			buildSettings = {
				ALWAYS_EMBED_SWIFT_STANDARD_LIBRARIES = YES;
				CODE_SIGN_STYLE = Automatic;
				DEVELOPMENT_TEAM = 232776J4C5;
				INFOPLIST_FILE = "Restaurant MenuUITests/Info.plist";
				LD_RUNPATH_SEARCH_PATHS = (
					"$(inherited)",
					"@executable_path/Frameworks",
					"@loader_path/Frameworks",
				);
				PRODUCT_BUNDLE_IDENTIFIER = "com.noura.Restaurant-MenuUITests";
				PRODUCT_NAME = "$(TARGET_NAME)";
				SWIFT_VERSION = 5.0;
				TARGETED_DEVICE_FAMILY = "1,2";
				TEST_TARGET_NAME = "Restaurant Menu";
			};
			name = Debug;
		};
		14ADA9F323B2D35E000C2227 /* Release */ = {
			isa = XCBuildConfiguration;
			buildSettings = {
				ALWAYS_EMBED_SWIFT_STANDARD_LIBRARIES = YES;
				CODE_SIGN_STYLE = Automatic;
				DEVELOPMENT_TEAM = 232776J4C5;
				INFOPLIST_FILE = "Restaurant MenuUITests/Info.plist";
				LD_RUNPATH_SEARCH_PATHS = (
					"$(inherited)",
					"@executable_path/Frameworks",
					"@loader_path/Frameworks",
				);
				PRODUCT_BUNDLE_IDENTIFIER = "com.noura.Restaurant-MenuUITests";
				PRODUCT_NAME = "$(TARGET_NAME)";
				SWIFT_VERSION = 5.0;
				TARGETED_DEVICE_FAMILY = "1,2";
				TEST_TARGET_NAME = "Restaurant Menu";
			};
			name = Release;
		};
/* End XCBuildConfiguration section */

/* Begin XCConfigurationList section */
		14ADA9CA23B2D35C000C2227 /* Build configuration list for PBXProject "Book List" */ = {
			isa = XCConfigurationList;
			buildConfigurations = (
				14ADA9EC23B2D35E000C2227 /* Debug */,
				14ADA9ED23B2D35E000C2227 /* Release */,
			);
			defaultConfigurationIsVisible = 0;
			defaultConfigurationName = Release;
		};
		14ADA9EE23B2D35E000C2227 /* Build configuration list for PBXNativeTarget "Book List" */ = {
			isa = XCConfigurationList;
			buildConfigurations = (
				14ADA9EF23B2D35E000C2227 /* Debug */,
				14ADA9F023B2D35E000C2227 /* Release */,
			);
			defaultConfigurationIsVisible = 0;
			defaultConfigurationName = Release;
		};
		14ADA9F123B2D35E000C2227 /* Build configuration list for PBXNativeTarget "Book ListUITests" */ = {
			isa = XCConfigurationList;
			buildConfigurations = (
				14ADA9F223B2D35E000C2227 /* Debug */,
				14ADA9F323B2D35E000C2227 /* Release */,
			);
			defaultConfigurationIsVisible = 0;
			defaultConfigurationName = Release;
		};
/* End XCConfigurationList section */
	};
	rootObject = 14ADA9C723B2D35C000C2227 /* Project object */;
}
