// !$*UTF8*$!
{
	archiveVersion = 1;
	classes = {
	};
	objectVersion = 50;
	objects = {

/* Begin PBXBuildFile section */
		140986F123BC2659003D7271 /* AppDelegate.swift in Sources */ = {isa = PBXBuildFile; fileRef = 140986F023BC2659003D7271 /* AppDelegate.swift */; };
		140986F323BC2659003D7271 /* SceneDelegate.swift in Sources */ = {isa = PBXBuildFile; fileRef = 140986F223BC2659003D7271 /* SceneDelegate.swift */; };
		140986F523BC2659003D7271 /* ViewController.swift in Sources */ = {isa = PBXBuildFile; fileRef = 140986F423BC2659003D7271 /* ViewController.swift */; };
		140986F823BC2659003D7271 /* Main.storyboard in Resources */ = {isa = PBXBuildFile; fileRef = 140986F623BC2659003D7271 /* Main.storyboard */; };
		140986FA23BC265A003D7271 /* Assets.xcassets in Resources */ = {isa = PBXBuildFile; fileRef = 140986F923BC265A003D7271 /* Assets.xcassets */; };
		140986FD23BC265A003D7271 /* LaunchScreen.storyboard in Resources */ = {isa = PBXBuildFile; fileRef = 140986FB23BC265A003D7271 /* LaunchScreen.storyboard */; };
		1409870823BC265A003D7271 /* SystemViewControllerUITests.swift in Sources */ = {isa = PBXBuildFile; fileRef = 1409870723BC265A003D7271 /* SystemViewControllerUITests.swift */; };
/* End PBXBuildFile section */

/* Begin PBXContainerItemProxy section */
		1409870423BC265A003D7271 /* PBXContainerItemProxy */ = {
			isa = PBXContainerItemProxy;
			containerPortal = 140986E523BC2659003D7271 /* Project object */;
			proxyType = 1;
			remoteGlobalIDString = 140986EC23BC2659003D7271;
			remoteInfo = SystemViewController;
		};
/* End PBXContainerItemProxy section */

/* Begin PBXFileReference section */
		140986ED23BC2659003D7271 /* SystemViewController.app */ = {isa = PBXFileReference; explicitFileType = wrapper.application; includeInIndex = 0; path = SystemViewController.app; sourceTree = BUILT_PRODUCTS_DIR; };
		140986F023BC2659003D7271 /* AppDelegate.swift */ = {isa = PBXFileReference; lastKnownFileType = sourcecode.swift; path = AppDelegate.swift; sourceTree = "<group>"; };
		140986F223BC2659003D7271 /* SceneDelegate.swift */ = {isa = PBXFileReference; lastKnownFileType = sourcecode.swift; path = SceneDelegate.swift; sourceTree = "<group>"; };
		140986F423BC2659003D7271 /* ViewController.swift */ = {isa = PBXFileReference; lastKnownFileType = sourcecode.swift; path = ViewController.swift; sourceTree = "<group>"; };
		140986F723BC2659003D7271 /* Base */ = {isa = PBXFileReference; lastKnownFileType = file.storyboard; name = Base; path = Base.lproj/Main.storyboard; sourceTree = "<group>"; };
		140986F923BC265A003D7271 /* Assets.xcassets */ = {isa = PBXFileReference; lastKnownFileType = folder.assetcatalog; path = Assets.xcassets; sourceTree = "<group>"; };
		140986FC23BC265A003D7271 /* Base */ = {isa = PBXFileReference; lastKnownFileType = file.storyboard; name = Base; path = Base.lproj/LaunchScreen.storyboard; sourceTree = "<group>"; };
		140986FE23BC265A003D7271 /* Info.plist */ = {isa = PBXFileReference; lastKnownFileType = text.plist.xml; path = Info.plist; sourceTree = "<group>"; };
		1409870323BC265A003D7271 /* SystemViewControllerUITests.xctest */ = {isa = PBXFileReference; explicitFileType = wrapper.cfbundle; includeInIndex = 0; path = SystemViewControllerUITests.xctest; sourceTree = BUILT_PRODUCTS_DIR; };
		1409870723BC265A003D7271 /* SystemViewControllerUITests.swift */ = {isa = PBXFileReference; lastKnownFileType = sourcecode.swift; path = SystemViewControllerUITests.swift; sourceTree = "<group>"; };
		1409870923BC265A003D7271 /* Info.plist */ = {isa = PBXFileReference; lastKnownFileType = text.plist.xml; path = Info.plist; sourceTree = "<group>"; };
/* End PBXFileReference section */

/* Begin PBXFrameworksBuildPhase section */
		140986EA23BC2659003D7271 /* Frameworks */ = {
			isa = PBXFrameworksBuildPhase;
			buildActionMask = 2147483647;
			files = (
			);
			runOnlyForDeploymentPostprocessing = 0;
		};
		1409870023BC265A003D7271 /* Frameworks */ = {
			isa = PBXFrameworksBuildPhase;
			buildActionMask = 2147483647;
			files = (
			);
			runOnlyForDeploymentPostprocessing = 0;
		};
/* End PBXFrameworksBuildPhase section */

/* Begin PBXGroup section */
		140986E423BC2659003D7271 = {
			isa = PBXGroup;
			children = (
				140986EF23BC2659003D7271 /* SystemViewController */,
				1409870623BC265A003D7271 /* SystemViewControllerUITests */,
				140986EE23BC2659003D7271 /* Products */,
			);
			sourceTree = "<group>";
		};
		140986EE23BC2659003D7271 /* Products */ = {
			isa = PBXGroup;
			children = (
				140986ED23BC2659003D7271 /* SystemViewController.app */,
				1409870323BC265A003D7271 /* SystemViewControllerUITests.xctest */,
			);
			name = Products;
			sourceTree = "<group>";
		};
		140986EF23BC2659003D7271 /* SystemViewController */ = {
			isa = PBXGroup;
			children = (
				140986F023BC2659003D7271 /* AppDelegate.swift */,
				140986F223BC2659003D7271 /* SceneDelegate.swift */,
				140986F423BC2659003D7271 /* ViewController.swift */,
				140986F623BC2659003D7271 /* Main.storyboard */,
				140986F923BC265A003D7271 /* Assets.xcassets */,
				140986FB23BC265A003D7271 /* LaunchScreen.storyboard */,
				140986FE23BC265A003D7271 /* Info.plist */,
			);
			path = SystemViewController;
			sourceTree = "<group>";
		};
		1409870623BC265A003D7271 /* SystemViewControllerUITests */ = {
			isa = PBXGroup;
			children = (
				1409870723BC265A003D7271 /* SystemViewControllerUITests.swift */,
				1409870923BC265A003D7271 /* Info.plist */,
			);
			path = SystemViewControllerUITests;
			sourceTree = "<group>";
		};
/* End PBXGroup section */

/* Begin PBXNativeTarget section */
		140986EC23BC2659003D7271 /* SystemViewController */ = {
			isa = PBXNativeTarget;
			buildConfigurationList = 1409870C23BC265A003D7271 /* Build configuration list for PBXNativeTarget "SystemViewController" */;
			buildPhases = (
				140986E923BC2659003D7271 /* Sources */,
				140986EA23BC2659003D7271 /* Frameworks */,
				140986EB23BC2659003D7271 /* Resources */,
			);
			buildRules = (
			);
			dependencies = (
			);
			name = SystemViewController;
			productName = SystemViewController;
			productReference = 140986ED23BC2659003D7271 /* SystemViewController.app */;
			productType = "com.apple.product-type.application";
		};
		1409870223BC265A003D7271 /* SystemViewControllerUITests */ = {
			isa = PBXNativeTarget;
			buildConfigurationList = 1409870F23BC265A003D7271 /* Build configuration list for PBXNativeTarget "SystemViewControllerUITests" */;
			buildPhases = (
				140986FF23BC265A003D7271 /* Sources */,
				1409870023BC265A003D7271 /* Frameworks */,
				1409870123BC265A003D7271 /* Resources */,
			);
			buildRules = (
			);
			dependencies = (
				1409870523BC265A003D7271 /* PBXTargetDependency */,
			);
			name = SystemViewControllerUITests;
			productName = SystemViewControllerUITests;
			productReference = 1409870323BC265A003D7271 /* SystemViewControllerUITests.xctest */;
			productType = "com.apple.product-type.bundle.ui-testing";
		};
/* End PBXNativeTarget section */

/* Begin PBXProject section */
		140986E523BC2659003D7271 /* Project object */ = {
			isa = PBXProject;
			attributes = {
				LastSwiftUpdateCheck = 1120;
				LastUpgradeCheck = 1120;
				ORGANIZATIONNAME = "Noura Aziz";
				TargetAttributes = {
					140986EC23BC2659003D7271 = {
						CreatedOnToolsVersion = 11.2;
					};
					1409870223BC265A003D7271 = {
						CreatedOnToolsVersion = 11.2;
						TestTargetID = 140986EC23BC2659003D7271;
					};
				};
			};
			buildConfigurationList = 140986E823BC2659003D7271 /* Build configuration list for PBXProject "SystemViewController" */;
			compatibilityVersion = "Xcode 9.3";
			developmentRegion = en;
			hasScannedForEncodings = 0;
			knownRegions = (
				en,
				Base,
			);
			mainGroup = 140986E423BC2659003D7271;
			productRefGroup = 140986EE23BC2659003D7271 /* Products */;
			projectDirPath = "";
			projectRoot = "";
			targets = (
				140986EC23BC2659003D7271 /* SystemViewController */,
				1409870223BC265A003D7271 /* SystemViewControllerUITests */,
			);
		};
/* End PBXProject section */

/* Begin PBXResourcesBuildPhase section */
		140986EB23BC2659003D7271 /* Resources */ = {
			isa = PBXResourcesBuildPhase;
			buildActionMask = 2147483647;
			files = (
				140986FD23BC265A003D7271 /* LaunchScreen.storyboard in Resources */,
				140986FA23BC265A003D7271 /* Assets.xcassets in Resources */,
				140986F823BC2659003D7271 /* Main.storyboard in Resources */,
			);
			runOnlyForDeploymentPostprocessing = 0;
		};
		1409870123BC265A003D7271 /* Resources */ = {
			isa = PBXResourcesBuildPhase;
			buildActionMask = 2147483647;
			files = (
			);
			runOnlyForDeploymentPostprocessing = 0;
		};
/* End PBXResourcesBuildPhase section */

/* Begin PBXSourcesBuildPhase section */
		140986E923BC2659003D7271 /* Sources */ = {
			isa = PBXSourcesBuildPhase;
			buildActionMask = 2147483647;
			files = (
				140986F523BC2659003D7271 /* ViewController.swift in Sources */,
				140986F123BC2659003D7271 /* AppDelegate.swift in Sources */,
				140986F323BC2659003D7271 /* SceneDelegate.swift in Sources */,
			);
			runOnlyForDeploymentPostprocessing = 0;
		};
		140986FF23BC265A003D7271 /* Sources */ = {
			isa = PBXSourcesBuildPhase;
			buildActionMask = 2147483647;
			files = (
				1409870823BC265A003D7271 /* SystemViewControllerUITests.swift in Sources */,
			);
			runOnlyForDeploymentPostprocessing = 0;
		};
/* End PBXSourcesBuildPhase section */

/* Begin PBXTargetDependency section */
		1409870523BC265A003D7271 /* PBXTargetDependency */ = {
			isa = PBXTargetDependency;
			target = 140986EC23BC2659003D7271 /* SystemViewController */;
			targetProxy = 1409870423BC265A003D7271 /* PBXContainerItemProxy */;
		};
/* End PBXTargetDependency section */

/* Begin PBXVariantGroup section */
		140986F623BC2659003D7271 /* Main.storyboard */ = {
			isa = PBXVariantGroup;
			children = (
				140986F723BC2659003D7271 /* Base */,
			);
			name = Main.storyboard;
			sourceTree = "<group>";
		};
		140986FB23BC265A003D7271 /* LaunchScreen.storyboard */ = {
			isa = PBXVariantGroup;
			children = (
				140986FC23BC265A003D7271 /* Base */,
			);
			name = LaunchScreen.storyboard;
			sourceTree = "<group>";
		};
/* End PBXVariantGroup section */

/* Begin XCBuildConfiguration section */
		1409870A23BC265A003D7271 /* Debug */ = {
			isa = XCBuildConfiguration;
			buildSettings = {
				ALWAYS_SEARCH_USER_PATHS = NO;
				CLANG_ANALYZER_NONNULL = YES;
				CLANG_ANALYZER_NUMBER_OBJECT_CONVERSION = YES_AGGRESSIVE;
				CLANG_CXX_LANGUAGE_STANDARD = "gnu++14";
				CLANG_CXX_LIBRARY = "libc++";
				CLANG_ENABLE_MODULES = YES;
				CLANG_ENABLE_OBJC_ARC = YES;
				CLANG_ENABLE_OBJC_WEAK = YES;
				CLANG_WARN_BLOCK_CAPTURE_AUTORELEASING = YES;
				CLANG_WARN_BOOL_CONVERSION = YES;
				CLANG_WARN_COMMA = YES;
				CLANG_WARN_CONSTANT_CONVERSION = YES;
				CLANG_WARN_DEPRECATED_OBJC_IMPLEMENTATIONS = YES;
				CLANG_WARN_DIRECT_OBJC_ISA_USAGE = YES_ERROR;
				CLANG_WARN_DOCUMENTATION_COMMENTS = YES;
				CLANG_WARN_EMPTY_BODY = YES;
				CLANG_WARN_ENUM_CONVERSION = YES;
				CLANG_WARN_INFINITE_RECURSION = YES;
				CLANG_WARN_INT_CONVERSION = YES;
				CLANG_WARN_NON_LITERAL_NULL_CONVERSION = YES;
				CLANG_WARN_OBJC_IMPLICIT_RETAIN_SELF = YES;
				CLANG_WARN_OBJC_LITERAL_CONVERSION = YES;
				CLANG_WARN_OBJC_ROOT_CLASS = YES_ERROR;
				CLANG_WARN_RANGE_LOOP_ANALYSIS = YES;
				CLANG_WARN_STRICT_PROTOTYPES = YES;
				CLANG_WARN_SUSPICIOUS_MOVE = YES;
				CLANG_WARN_UNGUARDED_AVAILABILITY = YES_AGGRESSIVE;
				CLANG_WARN_UNREACHABLE_CODE = YES;
				CLANG_WARN__DUPLICATE_METHOD_MATCH = YES;
				COPY_PHASE_STRIP = NO;
				DEBUG_INFORMATION_FORMAT = dwarf;
				ENABLE_STRICT_OBJC_MSGSEND = YES;
				ENABLE_TESTABILITY = YES;
				GCC_C_LANGUAGE_STANDARD = gnu11;
				GCC_DYNAMIC_NO_PIC = NO;
				GCC_NO_COMMON_BLOCKS = YES;
				GCC_OPTIMIZATION_LEVEL = 0;
				GCC_PREPROCESSOR_DEFINITIONS = (
					"DEBUG=1",
					"$(inherited)",
				);
				GCC_WARN_64_TO_32_BIT_CONVERSION = YES;
				GCC_WARN_ABOUT_RETURN_TYPE = YES_ERROR;
				GCC_WARN_UNDECLARED_SELECTOR = YES;
				GCC_WARN_UNINITIALIZED_AUTOS = YES_AGGRESSIVE;
				GCC_WARN_UNUSED_FUNCTION = YES;
				GCC_WARN_UNUSED_VARIABLE = YES;
				IPHONEOS_DEPLOYMENT_TARGET = 13.0;
				MTL_ENABLE_DEBUG_INFO = INCLUDE_SOURCE;
				MTL_FAST_MATH = YES;
				ONLY_ACTIVE_ARCH = YES;
				SDKROOT = iphoneos;
				SWIFT_ACTIVE_COMPILATION_CONDITIONS = DEBUG;
				SWIFT_OPTIMIZATION_LEVEL = "-Onone";
			};
			name = Debug;
		};
		1409870B23BC265A003D7271 /* Release */ = {
			isa = XCBuildConfiguration;
			buildSettings = {
				ALWAYS_SEARCH_USER_PATHS = NO;
				CLANG_ANALYZER_NONNULL = YES;
				CLANG_ANALYZER_NUMBER_OBJECT_CONVERSION = YES_AGGRESSIVE;
				CLANG_CXX_LANGUAGE_STANDARD = "gnu++14";
				CLANG_CXX_LIBRARY = "libc++";
				CLANG_ENABLE_MODULES = YES;
				CLANG_ENABLE_OBJC_ARC = YES;
				CLANG_ENABLE_OBJC_WEAK = YES;
				CLANG_WARN_BLOCK_CAPTURE_AUTORELEASING = YES;
				CLANG_WARN_BOOL_CONVERSION = YES;
				CLANG_WARN_COMMA = YES;
				CLANG_WARN_CONSTANT_CONVERSION = YES;
				CLANG_WARN_DEPRECATED_OBJC_IMPLEMENTATIONS = YES;
				CLANG_WARN_DIRECT_OBJC_ISA_USAGE = YES_ERROR;
				CLANG_WARN_DOCUMENTATION_COMMENTS = YES;
				CLANG_WARN_EMPTY_BODY = YES;
				CLANG_WARN_ENUM_CONVERSION = YES;
				CLANG_WARN_INFINITE_RECURSION = YES;
				CLANG_WARN_INT_CONVERSION = YES;
				CLANG_WARN_NON_LITERAL_NULL_CONVERSION = YES;
				CLANG_WARN_OBJC_IMPLICIT_RETAIN_SELF = YES;
				CLANG_WARN_OBJC_LITERAL_CONVERSION = YES;
				CLANG_WARN_OBJC_ROOT_CLASS = YES_ERROR;
				CLANG_WARN_RANGE_LOOP_ANALYSIS = YES;
				CLANG_WARN_STRICT_PROTOTYPES = YES;
				CLANG_WARN_SUSPICIOUS_MOVE = YES;
				CLANG_WARN_UNGUARDED_AVAILABILITY = YES_AGGRESSIVE;
				CLANG_WARN_UNREACHABLE_CODE = YES;
				CLANG_WARN__DUPLICATE_METHOD_MATCH = YES;
				COPY_PHASE_STRIP = NO;
				DEBUG_INFORMATION_FORMAT = "dwarf-with-dsym";
				ENABLE_NS_ASSERTIONS = NO;
				ENABLE_STRICT_OBJC_MSGSEND = YES;
				GCC_C_LANGUAGE_STANDARD = gnu11;
				GCC_NO_COMMON_BLOCKS = YES;
				GCC_WARN_64_TO_32_BIT_CONVERSION = YES;
				GCC_WARN_ABOUT_RETURN_TYPE = YES_ERROR;
				GCC_WARN_UNDECLARED_SELECTOR = YES;
				GCC_WARN_UNINITIALIZED_AUTOS = YES_AGGRESSIVE;
				GCC_WARN_UNUSED_FUNCTION = YES;
				GCC_WARN_UNUSED_VARIABLE = YES;
				IPHONEOS_DEPLOYMENT_TARGET = 13.0;
				MTL_ENABLE_DEBUG_INFO = NO;
				MTL_FAST_MATH = YES;
				SDKROOT = iphoneos;
				SWIFT_COMPILATION_MODE = wholemodule;
				SWIFT_OPTIMIZATION_LEVEL = "-O";
				VALIDATE_PRODUCT = YES;
			};
			name = Release;
		};
		1409870D23BC265A003D7271 /* Debug */ = {
			isa = XCBuildConfiguration;
			buildSettings = {
				ASSETCATALOG_COMPILER_APPICON_NAME = AppIcon;
				CODE_SIGN_STYLE = Automatic;
				DEVELOPMENT_TEAM = HR3JGB5X8T;
				INFOPLIST_FILE = SystemViewController/Info.plist;
				LD_RUNPATH_SEARCH_PATHS = (
					"$(inherited)",
					"@executable_path/Frameworks",
				);
				PRODUCT_BUNDLE_IDENTIFIER = com.noura.SystemViewController;
				PRODUCT_NAME = "$(TARGET_NAME)";
				SWIFT_VERSION = 5.0;
				TARGETED_DEVICE_FAMILY = "1,2";
			};
			name = Debug;
		};
		1409870E23BC265A003D7271 /* Release */ = {
			isa = XCBuildConfiguration;
			buildSettings = {
				ASSETCATALOG_COMPILER_APPICON_NAME = AppIcon;
				CODE_SIGN_STYLE = Automatic;
				DEVELOPMENT_TEAM = HR3JGB5X8T;
				INFOPLIST_FILE = SystemViewController/Info.plist;
				LD_RUNPATH_SEARCH_PATHS = (
					"$(inherited)",
					"@executable_path/Frameworks",
				);
				PRODUCT_BUNDLE_IDENTIFIER = com.noura.SystemViewController;
				PRODUCT_NAME = "$(TARGET_NAME)";
				SWIFT_VERSION = 5.0;
				TARGETED_DEVICE_FAMILY = "1,2";
			};
			name = Release;
		};
		1409871023BC265A003D7271 /* Debug */ = {
			isa = XCBuildConfiguration;
			buildSettings = {
				ALWAYS_EMBED_SWIFT_STANDARD_LIBRARIES = YES;
				CODE_SIGN_STYLE = Automatic;
				DEVELOPMENT_TEAM = 232776J4C5;
				INFOPLIST_FILE = SystemViewControllerUITests/Info.plist;
				LD_RUNPATH_SEARCH_PATHS = (
					"$(inherited)",
					"@executable_path/Frameworks",
					"@loader_path/Frameworks",
				);
				PRODUCT_BUNDLE_IDENTIFIER = com.noura.SystemViewControllerUITests;
				PRODUCT_NAME = "$(TARGET_NAME)";
				SWIFT_VERSION = 5.0;
				TARGETED_DEVICE_FAMILY = "1,2";
				TEST_TARGET_NAME = SystemViewController;
			};
			name = Debug;
		};
		1409871123BC265A003D7271 /* Release */ = {
			isa = XCBuildConfiguration;
			buildSettings = {
				ALWAYS_EMBED_SWIFT_STANDARD_LIBRARIES = YES;
				CODE_SIGN_STYLE = Automatic;
				DEVELOPMENT_TEAM = 232776J4C5;
				INFOPLIST_FILE = SystemViewControllerUITests/Info.plist;
				LD_RUNPATH_SEARCH_PATHS = (
					"$(inherited)",
					"@executable_path/Frameworks",
					"@loader_path/Frameworks",
				);
				PRODUCT_BUNDLE_IDENTIFIER = com.noura.SystemViewControllerUITests;
				PRODUCT_NAME = "$(TARGET_NAME)";
				SWIFT_VERSION = 5.0;
				TARGETED_DEVICE_FAMILY = "1,2";
				TEST_TARGET_NAME = SystemViewController;
			};
			name = Release;
		};
/* End XCBuildConfiguration section */

/* Begin XCConfigurationList section */
		140986E823BC2659003D7271 /* Build configuration list for PBXProject "SystemViewController" */ = {
			isa = XCConfigurationList;
			buildConfigurations = (
				1409870A23BC265A003D7271 /* Debug */,
				1409870B23BC265A003D7271 /* Release */,
			);
			defaultConfigurationIsVisible = 0;
			defaultConfigurationName = Release;
		};
		1409870C23BC265A003D7271 /* Build configuration list for PBXNativeTarget "SystemViewController" */ = {
			isa = XCConfigurationList;
			buildConfigurations = (
				1409870D23BC265A003D7271 /* Debug */,
				1409870E23BC265A003D7271 /* Release */,
			);
			defaultConfigurationIsVisible = 0;
			defaultConfigurationName = Release;
		};
		1409870F23BC265A003D7271 /* Build configuration list for PBXNativeTarget "SystemViewControllerUITests" */ = {
			isa = XCConfigurationList;
			buildConfigurations = (
				1409871023BC265A003D7271 /* Debug */,
				1409871123BC265A003D7271 /* Release */,
			);
			defaultConfigurationIsVisible = 0;
			defaultConfigurationName = Release;
		};
/* End XCConfigurationList section */
	};
	rootObject = 140986E523BC2659003D7271 /* Project object */;
}
