// !$*UTF8*$!
{
	archiveVersion = 1;
	classes = {
	};
	objectVersion = 50;
	objects = {

/* Begin PBXBuildFile section */
		14CE32F223BA2E85000FCE58 /* AppDelegate.swift in Sources */ = {isa = PBXBuildFile; fileRef = 14CE32F123BA2E85000FCE58 /* AppDelegate.swift */; };
		14CE32F423BA2E85000FCE58 /* SceneDelegate.swift in Sources */ = {isa = PBXBuildFile; fileRef = 14CE32F323BA2E85000FCE58 /* SceneDelegate.swift */; };
		14CE32F623BA2E85000FCE58 /* FirstQuestionVC.swift in Sources */ = {isa = PBXBuildFile; fileRef = 14CE32F523BA2E85000FCE58 /* FirstQuestionVC.swift */; };
		14CE32F923BA2E85000FCE58 /* Main.storyboard in Resources */ = {isa = PBXBuildFile; fileRef = 14CE32F723BA2E85000FCE58 /* Main.storyboard */; };
		14CE32FB23BA2E87000FCE58 /* Assets.xcassets in Resources */ = {isa = PBXBuildFile; fileRef = 14CE32FA23BA2E87000FCE58 /* Assets.xcassets */; };
		14CE32FE23BA2E87000FCE58 /* LaunchScreen.storyboard in Resources */ = {isa = PBXBuildFile; fileRef = 14CE32FC23BA2E87000FCE58 /* LaunchScreen.storyboard */; };
		14CE330923BA2E87000FCE58 /* Personality_QuizUITests.swift in Sources */ = {isa = PBXBuildFile; fileRef = 14CE330823BA2E87000FCE58 /* Personality_QuizUITests.swift */; };
		14CE331423BA312D000FCE58 /* SecondQuestionVC.swift in Sources */ = {isa = PBXBuildFile; fileRef = 14CE331323BA312D000FCE58 /* SecondQuestionVC.swift */; };
		14CE331823BA3643000FCE58 /* ThirdQuestionVC.swift in Sources */ = {isa = PBXBuildFile; fileRef = 14CE331723BA3643000FCE58 /* ThirdQuestionVC.swift */; };
		14CE331A23BAB548000FCE58 /* ScoresVC.swift in Sources */ = {isa = PBXBuildFile; fileRef = 14CE331923BAB547000FCE58 /* ScoresVC.swift */; };
		14CE331C23BAB904000FCE58 /* FourthQuestionVC.swift in Sources */ = {isa = PBXBuildFile; fileRef = 14CE331B23BAB904000FCE58 /* FourthQuestionVC.swift */; };
/* End PBXBuildFile section */

/* Begin PBXContainerItemProxy section */
		14CE330523BA2E87000FCE58 /* PBXContainerItemProxy */ = {
			isa = PBXContainerItemProxy;
			containerPortal = 14CE32E623BA2E85000FCE58 /* Project object */;
			proxyType = 1;
			remoteGlobalIDString = 14CE32ED23BA2E85000FCE58;
			remoteInfo = "Personality Quiz";
		};
/* End PBXContainerItemProxy section */

/* Begin PBXFileReference section */
		14CE32EE23BA2E85000FCE58 /* Personality Quiz.app */ = {isa = PBXFileReference; explicitFileType = wrapper.application; includeInIndex = 0; path = "Personality Quiz.app"; sourceTree = BUILT_PRODUCTS_DIR; };
		14CE32F123BA2E85000FCE58 /* AppDelegate.swift */ = {isa = PBXFileReference; lastKnownFileType = sourcecode.swift; path = AppDelegate.swift; sourceTree = "<group>"; };
		14CE32F323BA2E85000FCE58 /* SceneDelegate.swift */ = {isa = PBXFileReference; lastKnownFileType = sourcecode.swift; path = SceneDelegate.swift; sourceTree = "<group>"; };
		14CE32F523BA2E85000FCE58 /* FirstQuestionVC.swift */ = {isa = PBXFileReference; lastKnownFileType = sourcecode.swift; path = FirstQuestionVC.swift; sourceTree = "<group>"; };
		14CE32F823BA2E85000FCE58 /* Base */ = {isa = PBXFileReference; lastKnownFileType = file.storyboard; name = Base; path = Base.lproj/Main.storyboard; sourceTree = "<group>"; };
		14CE32FA23BA2E87000FCE58 /* Assets.xcassets */ = {isa = PBXFileReference; lastKnownFileType = folder.assetcatalog; path = Assets.xcassets; sourceTree = "<group>"; };
		14CE32FD23BA2E87000FCE58 /* Base */ = {isa = PBXFileReference; lastKnownFileType = file.storyboard; name = Base; path = Base.lproj/LaunchScreen.storyboard; sourceTree = "<group>"; };
		14CE32FF23BA2E87000FCE58 /* Info.plist */ = {isa = PBXFileReference; lastKnownFileType = text.plist.xml; path = Info.plist; sourceTree = "<group>"; };
		14CE330423BA2E87000FCE58 /* Personality QuizUITests.xctest */ = {isa = PBXFileReference; explicitFileType = wrapper.cfbundle; includeInIndex = 0; path = "Personality QuizUITests.xctest"; sourceTree = BUILT_PRODUCTS_DIR; };
		14CE330823BA2E87000FCE58 /* Personality_QuizUITests.swift */ = {isa = PBXFileReference; lastKnownFileType = sourcecode.swift; path = Personality_QuizUITests.swift; sourceTree = "<group>"; };
		14CE330A23BA2E87000FCE58 /* Info.plist */ = {isa = PBXFileReference; lastKnownFileType = text.plist.xml; path = Info.plist; sourceTree = "<group>"; };
		14CE331323BA312D000FCE58 /* SecondQuestionVC.swift */ = {isa = PBXFileReference; lastKnownFileType = sourcecode.swift; path = SecondQuestionVC.swift; sourceTree = "<group>"; };
		14CE331723BA3643000FCE58 /* ThirdQuestionVC.swift */ = {isa = PBXFileReference; lastKnownFileType = sourcecode.swift; path = ThirdQuestionVC.swift; sourceTree = "<group>"; };
		14CE331923BAB547000FCE58 /* ScoresVC.swift */ = {isa = PBXFileReference; lastKnownFileType = sourcecode.swift; path = ScoresVC.swift; sourceTree = "<group>"; };
		14CE331B23BAB904000FCE58 /* FourthQuestionVC.swift */ = {isa = PBXFileReference; lastKnownFileType = sourcecode.swift; path = FourthQuestionVC.swift; sourceTree = "<group>"; };
/* End PBXFileReference section */

/* Begin PBXFrameworksBuildPhase section */
		14CE32EB23BA2E85000FCE58 /* Frameworks */ = {
			isa = PBXFrameworksBuildPhase;
			buildActionMask = 2147483647;
			files = (
			);
			runOnlyForDeploymentPostprocessing = 0;
		};
		14CE330123BA2E87000FCE58 /* Frameworks */ = {
			isa = PBXFrameworksBuildPhase;
			buildActionMask = 2147483647;
			files = (
			);
			runOnlyForDeploymentPostprocessing = 0;
		};
/* End PBXFrameworksBuildPhase section */

/* Begin PBXGroup section */
		14CE32E523BA2E85000FCE58 = {
			isa = PBXGroup;
			children = (
				14CE32F023BA2E85000FCE58 /* Personality Quiz */,
				14CE330723BA2E87000FCE58 /* Personality QuizUITests */,
				14CE32EF23BA2E85000FCE58 /* Products */,
			);
			sourceTree = "<group>";
		};
		14CE32EF23BA2E85000FCE58 /* Products */ = {
			isa = PBXGroup;
			children = (
				14CE32EE23BA2E85000FCE58 /* Personality Quiz.app */,
				14CE330423BA2E87000FCE58 /* Personality QuizUITests.xctest */,
			);
			name = Products;
			sourceTree = "<group>";
		};
		14CE32F023BA2E85000FCE58 /* Personality Quiz */ = {
			isa = PBXGroup;
			children = (
				14CE32F123BA2E85000FCE58 /* AppDelegate.swift */,
				14CE32F323BA2E85000FCE58 /* SceneDelegate.swift */,
				14CE32F523BA2E85000FCE58 /* FirstQuestionVC.swift */,
				14CE32F723BA2E85000FCE58 /* Main.storyboard */,
				14CE32FA23BA2E87000FCE58 /* Assets.xcassets */,
				14CE32FC23BA2E87000FCE58 /* LaunchScreen.storyboard */,
				14CE32FF23BA2E87000FCE58 /* Info.plist */,
				14CE331323BA312D000FCE58 /* SecondQuestionVC.swift */,
				14CE331723BA3643000FCE58 /* ThirdQuestionVC.swift */,
				14CE331923BAB547000FCE58 /* ScoresVC.swift */,
				14CE331B23BAB904000FCE58 /* FourthQuestionVC.swift */,
			);
			path = "Personality Quiz";
			sourceTree = "<group>";
		};
		14CE330723BA2E87000FCE58 /* Personality QuizUITests */ = {
			isa = PBXGroup;
			children = (
				14CE330823BA2E87000FCE58 /* Personality_QuizUITests.swift */,
				14CE330A23BA2E87000FCE58 /* Info.plist */,
			);
			path = "Personality QuizUITests";
			sourceTree = "<group>";
		};
/* End PBXGroup section */

/* Begin PBXNativeTarget section */
		14CE32ED23BA2E85000FCE58 /* Personality Quiz */ = {
			isa = PBXNativeTarget;
			buildConfigurationList = 14CE330D23BA2E87000FCE58 /* Build configuration list for PBXNativeTarget "Personality Quiz" */;
			buildPhases = (
				14CE32EA23BA2E85000FCE58 /* Sources */,
				14CE32EB23BA2E85000FCE58 /* Frameworks */,
				14CE32EC23BA2E85000FCE58 /* Resources */,
			);
			buildRules = (
			);
			dependencies = (
			);
			name = "Personality Quiz";
			productName = "Personality Quiz";
			productReference = 14CE32EE23BA2E85000FCE58 /* Personality Quiz.app */;
			productType = "com.apple.product-type.application";
		};
		14CE330323BA2E87000FCE58 /* Personality QuizUITests */ = {
			isa = PBXNativeTarget;
			buildConfigurationList = 14CE331023BA2E87000FCE58 /* Build configuration list for PBXNativeTarget "Personality QuizUITests" */;
			buildPhases = (
				14CE330023BA2E87000FCE58 /* Sources */,
				14CE330123BA2E87000FCE58 /* Frameworks */,
				14CE330223BA2E87000FCE58 /* Resources */,
			);
			buildRules = (
			);
			dependencies = (
				14CE330623BA2E87000FCE58 /* PBXTargetDependency */,
			);
			name = "Personality QuizUITests";
			productName = "Personality QuizUITests";
			productReference = 14CE330423BA2E87000FCE58 /* Personality QuizUITests.xctest */;
			productType = "com.apple.product-type.bundle.ui-testing";
		};
/* End PBXNativeTarget section */

/* Begin PBXProject section */
		14CE32E623BA2E85000FCE58 /* Project object */ = {
			isa = PBXProject;
			attributes = {
				LastSwiftUpdateCheck = 1120;
				LastUpgradeCheck = 1120;
				ORGANIZATIONNAME = "Noura Aziz";
				TargetAttributes = {
					14CE32ED23BA2E85000FCE58 = {
						CreatedOnToolsVersion = 11.2;
					};
					14CE330323BA2E87000FCE58 = {
						CreatedOnToolsVersion = 11.2;
						TestTargetID = 14CE32ED23BA2E85000FCE58;
					};
				};
			};
			buildConfigurationList = 14CE32E923BA2E85000FCE58 /* Build configuration list for PBXProject "Personality Quiz" */;
			compatibilityVersion = "Xcode 9.3";
			developmentRegion = en;
			hasScannedForEncodings = 0;
			knownRegions = (
				en,
				Base,
			);
			mainGroup = 14CE32E523BA2E85000FCE58;
			productRefGroup = 14CE32EF23BA2E85000FCE58 /* Products */;
			projectDirPath = "";
			projectRoot = "";
			targets = (
				14CE32ED23BA2E85000FCE58 /* Personality Quiz */,
				14CE330323BA2E87000FCE58 /* Personality QuizUITests */,
			);
		};
/* End PBXProject section */

/* Begin PBXResourcesBuildPhase section */
		14CE32EC23BA2E85000FCE58 /* Resources */ = {
			isa = PBXResourcesBuildPhase;
			buildActionMask = 2147483647;
			files = (
				14CE32FE23BA2E87000FCE58 /* LaunchScreen.storyboard in Resources */,
				14CE32FB23BA2E87000FCE58 /* Assets.xcassets in Resources */,
				14CE32F923BA2E85000FCE58 /* Main.storyboard in Resources */,
			);
			runOnlyForDeploymentPostprocessing = 0;
		};
		14CE330223BA2E87000FCE58 /* Resources */ = {
			isa = PBXResourcesBuildPhase;
			buildActionMask = 2147483647;
			files = (
			);
			runOnlyForDeploymentPostprocessing = 0;
		};
/* End PBXResourcesBuildPhase section */

/* Begin PBXSourcesBuildPhase section */
		14CE32EA23BA2E85000FCE58 /* Sources */ = {
			isa = PBXSourcesBuildPhase;
			buildActionMask = 2147483647;
			files = (
				14CE331423BA312D000FCE58 /* SecondQuestionVC.swift in Sources */,
				14CE32F623BA2E85000FCE58 /* FirstQuestionVC.swift in Sources */,
				14CE32F223BA2E85000FCE58 /* AppDelegate.swift in Sources */,
				14CE331C23BAB904000FCE58 /* FourthQuestionVC.swift in Sources */,
				14CE331A23BAB548000FCE58 /* ScoresVC.swift in Sources */,
				14CE32F423BA2E85000FCE58 /* SceneDelegate.swift in Sources */,
				14CE331823BA3643000FCE58 /* ThirdQuestionVC.swift in Sources */,
			);
			runOnlyForDeploymentPostprocessing = 0;
		};
		14CE330023BA2E87000FCE58 /* Sources */ = {
			isa = PBXSourcesBuildPhase;
			buildActionMask = 2147483647;
			files = (
				14CE330923BA2E87000FCE58 /* Personality_QuizUITests.swift in Sources */,
			);
			runOnlyForDeploymentPostprocessing = 0;
		};
/* End PBXSourcesBuildPhase section */

/* Begin PBXTargetDependency section */
		14CE330623BA2E87000FCE58 /* PBXTargetDependency */ = {
			isa = PBXTargetDependency;
			target = 14CE32ED23BA2E85000FCE58 /* Personality Quiz */;
			targetProxy = 14CE330523BA2E87000FCE58 /* PBXContainerItemProxy */;
		};
/* End PBXTargetDependency section */

/* Begin PBXVariantGroup section */
		14CE32F723BA2E85000FCE58 /* Main.storyboard */ = {
			isa = PBXVariantGroup;
			children = (
				14CE32F823BA2E85000FCE58 /* Base */,
			);
			name = Main.storyboard;
			sourceTree = "<group>";
		};
		14CE32FC23BA2E87000FCE58 /* LaunchScreen.storyboard */ = {
			isa = PBXVariantGroup;
			children = (
				14CE32FD23BA2E87000FCE58 /* Base */,
			);
			name = LaunchScreen.storyboard;
			sourceTree = "<group>";
		};
/* End PBXVariantGroup section */

/* Begin XCBuildConfiguration section */
		14CE330B23BA2E87000FCE58 /* Debug */ = {
			isa = XCBuildConfiguration;
			buildSettings = {
				ALWAYS_SEARCH_USER_PATHS = NO;
				CLANG_ANALYZER_NONNULL = YES;
				CLANG_ANALYZER_NUMBER_OBJECT_CONVERSION = YES_AGGRESSIVE;
				CLANG_CXX_LANGUAGE_STANDARD = "gnu++14";
				CLANG_CXX_LIBRARY = "libc++";
				CLANG_ENABLE_MODULES = YES;
				CLANG_ENABLE_OBJC_ARC = YES;
				CLANG_ENABLE_OBJC_WEAK = YES;
				CLANG_WARN_BLOCK_CAPTURE_AUTORELEASING = YES;
				CLANG_WARN_BOOL_CONVERSION = YES;
				CLANG_WARN_COMMA = YES;
				CLANG_WARN_CONSTANT_CONVERSION = YES;
				CLANG_WARN_DEPRECATED_OBJC_IMPLEMENTATIONS = YES;
				CLANG_WARN_DIRECT_OBJC_ISA_USAGE = YES_ERROR;
				CLANG_WARN_DOCUMENTATION_COMMENTS = YES;
				CLANG_WARN_EMPTY_BODY = YES;
				CLANG_WARN_ENUM_CONVERSION = YES;
				CLANG_WARN_INFINITE_RECURSION = YES;
				CLANG_WARN_INT_CONVERSION = YES;
				CLANG_WARN_NON_LITERAL_NULL_CONVERSION = YES;
				CLANG_WARN_OBJC_IMPLICIT_RETAIN_SELF = YES;
				CLANG_WARN_OBJC_LITERAL_CONVERSION = YES;
				CLANG_WARN_OBJC_ROOT_CLASS = YES_ERROR;
				CLANG_WARN_RANGE_LOOP_ANALYSIS = YES;
				CLANG_WARN_STRICT_PROTOTYPES = YES;
				CLANG_WARN_SUSPICIOUS_MOVE = YES;
				CLANG_WARN_UNGUARDED_AVAILABILITY = YES_AGGRESSIVE;
				CLANG_WARN_UNREACHABLE_CODE = YES;
				CLANG_WARN__DUPLICATE_METHOD_MATCH = YES;
				COPY_PHASE_STRIP = NO;
				DEBUG_INFORMATION_FORMAT = dwarf;
				ENABLE_STRICT_OBJC_MSGSEND = YES;
				ENABLE_TESTABILITY = YES;
				GCC_C_LANGUAGE_STANDARD = gnu11;
				GCC_DYNAMIC_NO_PIC = NO;
				GCC_NO_COMMON_BLOCKS = YES;
				GCC_OPTIMIZATION_LEVEL = 0;
				GCC_PREPROCESSOR_DEFINITIONS = (
					"DEBUG=1",
					"$(inherited)",
				);
				GCC_WARN_64_TO_32_BIT_CONVERSION = YES;
				GCC_WARN_ABOUT_RETURN_TYPE = YES_ERROR;
				GCC_WARN_UNDECLARED_SELECTOR = YES;
				GCC_WARN_UNINITIALIZED_AUTOS = YES_AGGRESSIVE;
				GCC_WARN_UNUSED_FUNCTION = YES;
				GCC_WARN_UNUSED_VARIABLE = YES;
				IPHONEOS_DEPLOYMENT_TARGET = 13.0;
				MTL_ENABLE_DEBUG_INFO = INCLUDE_SOURCE;
				MTL_FAST_MATH = YES;
				ONLY_ACTIVE_ARCH = YES;
				SDKROOT = iphoneos;
				SWIFT_ACTIVE_COMPILATION_CONDITIONS = DEBUG;
				SWIFT_OPTIMIZATION_LEVEL = "-Onone";
			};
			name = Debug;
		};
		14CE330C23BA2E87000FCE58 /* Release */ = {
			isa = XCBuildConfiguration;
			buildSettings = {
				ALWAYS_SEARCH_USER_PATHS = NO;
				CLANG_ANALYZER_NONNULL = YES;
				CLANG_ANALYZER_NUMBER_OBJECT_CONVERSION = YES_AGGRESSIVE;
				CLANG_CXX_LANGUAGE_STANDARD = "gnu++14";
				CLANG_CXX_LIBRARY = "libc++";
				CLANG_ENABLE_MODULES = YES;
				CLANG_ENABLE_OBJC_ARC = YES;
				CLANG_ENABLE_OBJC_WEAK = YES;
				CLANG_WARN_BLOCK_CAPTURE_AUTORELEASING = YES;
				CLANG_WARN_BOOL_CONVERSION = YES;
				CLANG_WARN_COMMA = YES;
				CLANG_WARN_CONSTANT_CONVERSION = YES;
				CLANG_WARN_DEPRECATED_OBJC_IMPLEMENTATIONS = YES;
				CLANG_WARN_DIRECT_OBJC_ISA_USAGE = YES_ERROR;
				CLANG_WARN_DOCUMENTATION_COMMENTS = YES;
				CLANG_WARN_EMPTY_BODY = YES;
				CLANG_WARN_ENUM_CONVERSION = YES;
				CLANG_WARN_INFINITE_RECURSION = YES;
				CLANG_WARN_INT_CONVERSION = YES;
				CLANG_WARN_NON_LITERAL_NULL_CONVERSION = YES;
				CLANG_WARN_OBJC_IMPLICIT_RETAIN_SELF = YES;
				CLANG_WARN_OBJC_LITERAL_CONVERSION = YES;
				CLANG_WARN_OBJC_ROOT_CLASS = YES_ERROR;
				CLANG_WARN_RANGE_LOOP_ANALYSIS = YES;
				CLANG_WARN_STRICT_PROTOTYPES = YES;
				CLANG_WARN_SUSPICIOUS_MOVE = YES;
				CLANG_WARN_UNGUARDED_AVAILABILITY = YES_AGGRESSIVE;
				CLANG_WARN_UNREACHABLE_CODE = YES;
				CLANG_WARN__DUPLICATE_METHOD_MATCH = YES;
				COPY_PHASE_STRIP = NO;
				DEBUG_INFORMATION_FORMAT = "dwarf-with-dsym";
				ENABLE_NS_ASSERTIONS = NO;
				ENABLE_STRICT_OBJC_MSGSEND = YES;
				GCC_C_LANGUAGE_STANDARD = gnu11;
				GCC_NO_COMMON_BLOCKS = YES;
				GCC_WARN_64_TO_32_BIT_CONVERSION = YES;
				GCC_WARN_ABOUT_RETURN_TYPE = YES_ERROR;
				GCC_WARN_UNDECLARED_SELECTOR = YES;
				GCC_WARN_UNINITIALIZED_AUTOS = YES_AGGRESSIVE;
				GCC_WARN_UNUSED_FUNCTION = YES;
				GCC_WARN_UNUSED_VARIABLE = YES;
				IPHONEOS_DEPLOYMENT_TARGET = 13.0;
				MTL_ENABLE_DEBUG_INFO = NO;
				MTL_FAST_MATH = YES;
				SDKROOT = iphoneos;
				SWIFT_COMPILATION_MODE = wholemodule;
				SWIFT_OPTIMIZATION_LEVEL = "-O";
				VALIDATE_PRODUCT = YES;
			};
			name = Release;
		};
		14CE330E23BA2E87000FCE58 /* Debug */ = {
			isa = XCBuildConfiguration;
			buildSettings = {
				ASSETCATALOG_COMPILER_APPICON_NAME = AppIcon;
				CODE_SIGN_STYLE = Automatic;
				DEVELOPMENT_TEAM = HR3JGB5X8T;
				INFOPLIST_FILE = "Personality Quiz/Info.plist";
				LD_RUNPATH_SEARCH_PATHS = (
					"$(inherited)",
					"@executable_path/Frameworks",
				);
				PRODUCT_BUNDLE_IDENTIFIER = "com.noura.Personality-Quiz";
				PRODUCT_NAME = "$(TARGET_NAME)";
				SWIFT_VERSION = 5.0;
				TARGETED_DEVICE_FAMILY = "1,2";
			};
			name = Debug;
		};
		14CE330F23BA2E87000FCE58 /* Release */ = {
			isa = XCBuildConfiguration;
			buildSettings = {
				ASSETCATALOG_COMPILER_APPICON_NAME = AppIcon;
				CODE_SIGN_STYLE = Automatic;
				DEVELOPMENT_TEAM = HR3JGB5X8T;
				INFOPLIST_FILE = "Personality Quiz/Info.plist";
				LD_RUNPATH_SEARCH_PATHS = (
					"$(inherited)",
					"@executable_path/Frameworks",
				);
				PRODUCT_BUNDLE_IDENTIFIER = "com.noura.Personality-Quiz";
				PRODUCT_NAME = "$(TARGET_NAME)";
				SWIFT_VERSION = 5.0;
				TARGETED_DEVICE_FAMILY = "1,2";
			};
			name = Release;
		};
		14CE331123BA2E87000FCE58 /* Debug */ = {
			isa = XCBuildConfiguration;
			buildSettings = {
				ALWAYS_EMBED_SWIFT_STANDARD_LIBRARIES = YES;
				CODE_SIGN_STYLE = Automatic;
				DEVELOPMENT_TEAM = 232776J4C5;
				INFOPLIST_FILE = "Personality QuizUITests/Info.plist";
				LD_RUNPATH_SEARCH_PATHS = (
					"$(inherited)",
					"@executable_path/Frameworks",
					"@loader_path/Frameworks",
				);
				PRODUCT_BUNDLE_IDENTIFIER = "com.noura.Personality-QuizUITests";
				PRODUCT_NAME = "$(TARGET_NAME)";
				SWIFT_VERSION = 5.0;
				TARGETED_DEVICE_FAMILY = "1,2";
				TEST_TARGET_NAME = "Personality Quiz";
			};
			name = Debug;
		};
		14CE331223BA2E87000FCE58 /* Release */ = {
			isa = XCBuildConfiguration;
			buildSettings = {
				ALWAYS_EMBED_SWIFT_STANDARD_LIBRARIES = YES;
				CODE_SIGN_STYLE = Automatic;
				DEVELOPMENT_TEAM = 232776J4C5;
				INFOPLIST_FILE = "Personality QuizUITests/Info.plist";
				LD_RUNPATH_SEARCH_PATHS = (
					"$(inherited)",
					"@executable_path/Frameworks",
					"@loader_path/Frameworks",
				);
				PRODUCT_BUNDLE_IDENTIFIER = "com.noura.Personality-QuizUITests";
				PRODUCT_NAME = "$(TARGET_NAME)";
				SWIFT_VERSION = 5.0;
				TARGETED_DEVICE_FAMILY = "1,2";
				TEST_TARGET_NAME = "Personality Quiz";
			};
			name = Release;
		};
/* End XCBuildConfiguration section */

/* Begin XCConfigurationList section */
		14CE32E923BA2E85000FCE58 /* Build configuration list for PBXProject "Personality Quiz" */ = {
			isa = XCConfigurationList;
			buildConfigurations = (
				14CE330B23BA2E87000FCE58 /* Debug */,
				14CE330C23BA2E87000FCE58 /* Release */,
			);
			defaultConfigurationIsVisible = 0;
			defaultConfigurationName = Release;
		};
		14CE330D23BA2E87000FCE58 /* Build configuration list for PBXNativeTarget "Personality Quiz" */ = {
			isa = XCConfigurationList;
			buildConfigurations = (
				14CE330E23BA2E87000FCE58 /* Debug */,
				14CE330F23BA2E87000FCE58 /* Release */,
			);
			defaultConfigurationIsVisible = 0;
			defaultConfigurationName = Release;
		};
		14CE331023BA2E87000FCE58 /* Build configuration list for PBXNativeTarget "Personality QuizUITests" */ = {
			isa = XCConfigurationList;
			buildConfigurations = (
				14CE331123BA2E87000FCE58 /* Debug */,
				14CE331223BA2E87000FCE58 /* Release */,
			);
			defaultConfigurationIsVisible = 0;
			defaultConfigurationName = Release;
		};
/* End XCConfigurationList section */
	};
	rootObject = 14CE32E623BA2E85000FCE58 /* Project object */;
}
