// !$*UTF8*$!
{
	archiveVersion = 1;
	classes = {
	};
	objectVersion = 50;
	objects = {

/* Begin PBXBuildFile section */
		14C88DBD23B7E0BB001AD3BC /* AppDelegate.swift in Sources */ = {isa = PBXBuildFile; fileRef = 14C88DBC23B7E0BB001AD3BC /* AppDelegate.swift */; };
		14C88DBF23B7E0BB001AD3BC /* SceneDelegate.swift in Sources */ = {isa = PBXBuildFile; fileRef = 14C88DBE23B7E0BB001AD3BC /* SceneDelegate.swift */; };
		14C88DC123B7E0BB001AD3BC /* ViewController.swift in Sources */ = {isa = PBXBuildFile; fileRef = 14C88DC023B7E0BB001AD3BC /* ViewController.swift */; };
		14C88DC423B7E0BB001AD3BC /* Main.storyboard in Resources */ = {isa = PBXBuildFile; fileRef = 14C88DC223B7E0BB001AD3BC /* Main.storyboard */; };
		14C88DC623B7E0BE001AD3BC /* Assets.xcassets in Resources */ = {isa = PBXBuildFile; fileRef = 14C88DC523B7E0BE001AD3BC /* Assets.xcassets */; };
		14C88DC923B7E0BE001AD3BC /* LaunchScreen.storyboard in Resources */ = {isa = PBXBuildFile; fileRef = 14C88DC723B7E0BE001AD3BC /* LaunchScreen.storyboard */; };
		14C88DD423B7E0BE001AD3BC /* Currncy_ConverterUITests.swift in Sources */ = {isa = PBXBuildFile; fileRef = 14C88DD323B7E0BE001AD3BC /* Currncy_ConverterUITests.swift */; };
/* End PBXBuildFile section */

/* Begin PBXContainerItemProxy section */
		14C88DD023B7E0BE001AD3BC /* PBXContainerItemProxy */ = {
			isa = PBXContainerItemProxy;
			containerPortal = 14C88DB123B7E0BB001AD3BC /* Project object */;
			proxyType = 1;
			remoteGlobalIDString = 14C88DB823B7E0BB001AD3BC;
			remoteInfo = "Currncy Converter";
		};
/* End PBXContainerItemProxy section */

/* Begin PBXFileReference section */
		14C88DB923B7E0BB001AD3BC /* Currncy Converter.app */ = {isa = PBXFileReference; explicitFileType = wrapper.application; includeInIndex = 0; path = "Currncy Converter.app"; sourceTree = BUILT_PRODUCTS_DIR; };
		14C88DBC23B7E0BB001AD3BC /* AppDelegate.swift */ = {isa = PBXFileReference; lastKnownFileType = sourcecode.swift; path = AppDelegate.swift; sourceTree = "<group>"; };
		14C88DBE23B7E0BB001AD3BC /* SceneDelegate.swift */ = {isa = PBXFileReference; lastKnownFileType = sourcecode.swift; path = SceneDelegate.swift; sourceTree = "<group>"; };
		14C88DC023B7E0BB001AD3BC /* ViewController.swift */ = {isa = PBXFileReference; lastKnownFileType = sourcecode.swift; path = ViewController.swift; sourceTree = "<group>"; };
		14C88DC323B7E0BB001AD3BC /* Base */ = {isa = PBXFileReference; lastKnownFileType = file.storyboard; name = Base; path = Base.lproj/Main.storyboard; sourceTree = "<group>"; };
		14C88DC523B7E0BE001AD3BC /* Assets.xcassets */ = {isa = PBXFileReference; lastKnownFileType = folder.assetcatalog; path = Assets.xcassets; sourceTree = "<group>"; };
		14C88DC823B7E0BE001AD3BC /* Base */ = {isa = PBXFileReference; lastKnownFileType = file.storyboard; name = Base; path = Base.lproj/LaunchScreen.storyboard; sourceTree = "<group>"; };
		14C88DCA23B7E0BE001AD3BC /* Info.plist */ = {isa = PBXFileReference; lastKnownFileType = text.plist.xml; path = Info.plist; sourceTree = "<group>"; };
		14C88DCF23B7E0BE001AD3BC /* Currncy ConverterUITests.xctest */ = {isa = PBXFileReference; explicitFileType = wrapper.cfbundle; includeInIndex = 0; path = "Currncy ConverterUITests.xctest"; sourceTree = BUILT_PRODUCTS_DIR; };
		14C88DD323B7E0BE001AD3BC /* Currncy_ConverterUITests.swift */ = {isa = PBXFileReference; lastKnownFileType = sourcecode.swift; path = Currncy_ConverterUITests.swift; sourceTree = "<group>"; };
		14C88DD523B7E0BE001AD3BC /* Info.plist */ = {isa = PBXFileReference; lastKnownFileType = text.plist.xml; path = Info.plist; sourceTree = "<group>"; };
/* End PBXFileReference section */

/* Begin PBXFrameworksBuildPhase section */
		14C88DB623B7E0BB001AD3BC /* Frameworks */ = {
			isa = PBXFrameworksBuildPhase;
			buildActionMask = 2147483647;
			files = (
			);
			runOnlyForDeploymentPostprocessing = 0;
		};
		14C88DCC23B7E0BE001AD3BC /* Frameworks */ = {
			isa = PBXFrameworksBuildPhase;
			buildActionMask = 2147483647;
			files = (
			);
			runOnlyForDeploymentPostprocessing = 0;
		};
/* End PBXFrameworksBuildPhase section */

/* Begin PBXGroup section */
		14C88DB023B7E0BB001AD3BC = {
			isa = PBXGroup;
			children = (
				14C88DBB23B7E0BB001AD3BC /* Currncy Converter */,
				14C88DD223B7E0BE001AD3BC /* Currncy ConverterUITests */,
				14C88DBA23B7E0BB001AD3BC /* Products */,
			);
			sourceTree = "<group>";
		};
		14C88DBA23B7E0BB001AD3BC /* Products */ = {
			isa = PBXGroup;
			children = (
				14C88DB923B7E0BB001AD3BC /* Currncy Converter.app */,
				14C88DCF23B7E0BE001AD3BC /* Currncy ConverterUITests.xctest */,
			);
			name = Products;
			sourceTree = "<group>";
		};
		14C88DBB23B7E0BB001AD3BC /* Currncy Converter */ = {
			isa = PBXGroup;
			children = (
				14C88DBC23B7E0BB001AD3BC /* AppDelegate.swift */,
				14C88DBE23B7E0BB001AD3BC /* SceneDelegate.swift */,
				14C88DC023B7E0BB001AD3BC /* ViewController.swift */,
				14C88DC223B7E0BB001AD3BC /* Main.storyboard */,
				14C88DC523B7E0BE001AD3BC /* Assets.xcassets */,
				14C88DC723B7E0BE001AD3BC /* LaunchScreen.storyboard */,
				14C88DCA23B7E0BE001AD3BC /* Info.plist */,
			);
			path = "Currncy Converter";
			sourceTree = "<group>";
		};
		14C88DD223B7E0BE001AD3BC /* Currncy ConverterUITests */ = {
			isa = PBXGroup;
			children = (
				14C88DD323B7E0BE001AD3BC /* Currncy_ConverterUITests.swift */,
				14C88DD523B7E0BE001AD3BC /* Info.plist */,
			);
			path = "Currncy ConverterUITests";
			sourceTree = "<group>";
		};
/* End PBXGroup section */

/* Begin PBXNativeTarget section */
		14C88DB823B7E0BB001AD3BC /* Currncy Converter */ = {
			isa = PBXNativeTarget;
			buildConfigurationList = 14C88DD823B7E0BE001AD3BC /* Build configuration list for PBXNativeTarget "Currncy Converter" */;
			buildPhases = (
				14C88DB523B7E0BB001AD3BC /* Sources */,
				14C88DB623B7E0BB001AD3BC /* Frameworks */,
				14C88DB723B7E0BB001AD3BC /* Resources */,
			);
			buildRules = (
			);
			dependencies = (
			);
			name = "Currncy Converter";
			productName = "Currncy Converter";
			productReference = 14C88DB923B7E0BB001AD3BC /* Currncy Converter.app */;
			productType = "com.apple.product-type.application";
		};
		14C88DCE23B7E0BE001AD3BC /* Currncy ConverterUITests */ = {
			isa = PBXNativeTarget;
			buildConfigurationList = 14C88DDB23B7E0BE001AD3BC /* Build configuration list for PBXNativeTarget "Currncy ConverterUITests" */;
			buildPhases = (
				14C88DCB23B7E0BE001AD3BC /* Sources */,
				14C88DCC23B7E0BE001AD3BC /* Frameworks */,
				14C88DCD23B7E0BE001AD3BC /* Resources */,
			);
			buildRules = (
			);
			dependencies = (
				14C88DD123B7E0BE001AD3BC /* PBXTargetDependency */,
			);
			name = "Currncy ConverterUITests";
			productName = "Currncy ConverterUITests";
			productReference = 14C88DCF23B7E0BE001AD3BC /* Currncy ConverterUITests.xctest */;
			productType = "com.apple.product-type.bundle.ui-testing";
		};
/* End PBXNativeTarget section */

/* Begin PBXProject section */
		14C88DB123B7E0BB001AD3BC /* Project object */ = {
			isa = PBXProject;
			attributes = {
				LastSwiftUpdateCheck = 1120;
				LastUpgradeCheck = 1120;
				ORGANIZATIONNAME = "Noura Aziz";
				TargetAttributes = {
					14C88DB823B7E0BB001AD3BC = {
						CreatedOnToolsVersion = 11.2;
					};
					14C88DCE23B7E0BE001AD3BC = {
						CreatedOnToolsVersion = 11.2;
						TestTargetID = 14C88DB823B7E0BB001AD3BC;
					};
				};
			};
			buildConfigurationList = 14C88DB423B7E0BB001AD3BC /* Build configuration list for PBXProject "Currncy Converter" */;
			compatibilityVersion = "Xcode 9.3";
			developmentRegion = en;
			hasScannedForEncodings = 0;
			knownRegions = (
				en,
				Base,
			);
			mainGroup = 14C88DB023B7E0BB001AD3BC;
			productRefGroup = 14C88DBA23B7E0BB001AD3BC /* Products */;
			projectDirPath = "";
			projectRoot = "";
			targets = (
				14C88DB823B7E0BB001AD3BC /* Currncy Converter */,
				14C88DCE23B7E0BE001AD3BC /* Currncy ConverterUITests */,
			);
		};
/* End PBXProject section */

/* Begin PBXResourcesBuildPhase section */
		14C88DB723B7E0BB001AD3BC /* Resources */ = {
			isa = PBXResourcesBuildPhase;
			buildActionMask = 2147483647;
			files = (
				14C88DC923B7E0BE001AD3BC /* LaunchScreen.storyboard in Resources */,
				14C88DC623B7E0BE001AD3BC /* Assets.xcassets in Resources */,
				14C88DC423B7E0BB001AD3BC /* Main.storyboard in Resources */,
			);
			runOnlyForDeploymentPostprocessing = 0;
		};
		14C88DCD23B7E0BE001AD3BC /* Resources */ = {
			isa = PBXResourcesBuildPhase;
			buildActionMask = 2147483647;
			files = (
			);
			runOnlyForDeploymentPostprocessing = 0;
		};
/* End PBXResourcesBuildPhase section */

/* Begin PBXSourcesBuildPhase section */
		14C88DB523B7E0BB001AD3BC /* Sources */ = {
			isa = PBXSourcesBuildPhase;
			buildActionMask = 2147483647;
			files = (
				14C88DC123B7E0BB001AD3BC /* ViewController.swift in Sources */,
				14C88DBD23B7E0BB001AD3BC /* AppDelegate.swift in Sources */,
				14C88DBF23B7E0BB001AD3BC /* SceneDelegate.swift in Sources */,
			);
			runOnlyForDeploymentPostprocessing = 0;
		};
		14C88DCB23B7E0BE001AD3BC /* Sources */ = {
			isa = PBXSourcesBuildPhase;
			buildActionMask = 2147483647;
			files = (
				14C88DD423B7E0BE001AD3BC /* Currncy_ConverterUITests.swift in Sources */,
			);
			runOnlyForDeploymentPostprocessing = 0;
		};
/* End PBXSourcesBuildPhase section */

/* Begin PBXTargetDependency section */
		14C88DD123B7E0BE001AD3BC /* PBXTargetDependency */ = {
			isa = PBXTargetDependency;
			target = 14C88DB823B7E0BB001AD3BC /* Currncy Converter */;
			targetProxy = 14C88DD023B7E0BE001AD3BC /* PBXContainerItemProxy */;
		};
/* End PBXTargetDependency section */

/* Begin PBXVariantGroup section */
		14C88DC223B7E0BB001AD3BC /* Main.storyboard */ = {
			isa = PBXVariantGroup;
			children = (
				14C88DC323B7E0BB001AD3BC /* Base */,
			);
			name = Main.storyboard;
			sourceTree = "<group>";
		};
		14C88DC723B7E0BE001AD3BC /* LaunchScreen.storyboard */ = {
			isa = PBXVariantGroup;
			children = (
				14C88DC823B7E0BE001AD3BC /* Base */,
			);
			name = LaunchScreen.storyboard;
			sourceTree = "<group>";
		};
/* End PBXVariantGroup section */

/* Begin XCBuildConfiguration section */
		14C88DD623B7E0BE001AD3BC /* Debug */ = {
			isa = XCBuildConfiguration;
			buildSettings = {
				ALWAYS_SEARCH_USER_PATHS = NO;
				CLANG_ANALYZER_NONNULL = YES;
				CLANG_ANALYZER_NUMBER_OBJECT_CONVERSION = YES_AGGRESSIVE;
				CLANG_CXX_LANGUAGE_STANDARD = "gnu++14";
				CLANG_CXX_LIBRARY = "libc++";
				CLANG_ENABLE_MODULES = YES;
				CLANG_ENABLE_OBJC_ARC = YES;
				CLANG_ENABLE_OBJC_WEAK = YES;
				CLANG_WARN_BLOCK_CAPTURE_AUTORELEASING = YES;
				CLANG_WARN_BOOL_CONVERSION = YES;
				CLANG_WARN_COMMA = YES;
				CLANG_WARN_CONSTANT_CONVERSION = YES;
				CLANG_WARN_DEPRECATED_OBJC_IMPLEMENTATIONS = YES;
				CLANG_WARN_DIRECT_OBJC_ISA_USAGE = YES_ERROR;
				CLANG_WARN_DOCUMENTATION_COMMENTS = YES;
				CLANG_WARN_EMPTY_BODY = YES;
				CLANG_WARN_ENUM_CONVERSION = YES;
				CLANG_WARN_INFINITE_RECURSION = YES;
				CLANG_WARN_INT_CONVERSION = YES;
				CLANG_WARN_NON_LITERAL_NULL_CONVERSION = YES;
				CLANG_WARN_OBJC_IMPLICIT_RETAIN_SELF = YES;
				CLANG_WARN_OBJC_LITERAL_CONVERSION = YES;
				CLANG_WARN_OBJC_ROOT_CLASS = YES_ERROR;
				CLANG_WARN_RANGE_LOOP_ANALYSIS = YES;
				CLANG_WARN_STRICT_PROTOTYPES = YES;
				CLANG_WARN_SUSPICIOUS_MOVE = YES;
				CLANG_WARN_UNGUARDED_AVAILABILITY = YES_AGGRESSIVE;
				CLANG_WARN_UNREACHABLE_CODE = YES;
				CLANG_WARN__DUPLICATE_METHOD_MATCH = YES;
				COPY_PHASE_STRIP = NO;
				DEBUG_INFORMATION_FORMAT = dwarf;
				ENABLE_STRICT_OBJC_MSGSEND = YES;
				ENABLE_TESTABILITY = YES;
				GCC_C_LANGUAGE_STANDARD = gnu11;
				GCC_DYNAMIC_NO_PIC = NO;
				GCC_NO_COMMON_BLOCKS = YES;
				GCC_OPTIMIZATION_LEVEL = 0;
				GCC_PREPROCESSOR_DEFINITIONS = (
					"DEBUG=1",
					"$(inherited)",
				);
				GCC_WARN_64_TO_32_BIT_CONVERSION = YES;
				GCC_WARN_ABOUT_RETURN_TYPE = YES_ERROR;
				GCC_WARN_UNDECLARED_SELECTOR = YES;
				GCC_WARN_UNINITIALIZED_AUTOS = YES_AGGRESSIVE;
				GCC_WARN_UNUSED_FUNCTION = YES;
				GCC_WARN_UNUSED_VARIABLE = YES;
				IPHONEOS_DEPLOYMENT_TARGET = 13.0;
				MTL_ENABLE_DEBUG_INFO = INCLUDE_SOURCE;
				MTL_FAST_MATH = YES;
				ONLY_ACTIVE_ARCH = YES;
				SDKROOT = iphoneos;
				SWIFT_ACTIVE_COMPILATION_CONDITIONS = DEBUG;
				SWIFT_OPTIMIZATION_LEVEL = "-Onone";
			};
			name = Debug;
		};
		14C88DD723B7E0BE001AD3BC /* Release */ = {
			isa = XCBuildConfiguration;
			buildSettings = {
				ALWAYS_SEARCH_USER_PATHS = NO;
				CLANG_ANALYZER_NONNULL = YES;
				CLANG_ANALYZER_NUMBER_OBJECT_CONVERSION = YES_AGGRESSIVE;
				CLANG_CXX_LANGUAGE_STANDARD = "gnu++14";
				CLANG_CXX_LIBRARY = "libc++";
				CLANG_ENABLE_MODULES = YES;
				CLANG_ENABLE_OBJC_ARC = YES;
				CLANG_ENABLE_OBJC_WEAK = YES;
				CLANG_WARN_BLOCK_CAPTURE_AUTORELEASING = YES;
				CLANG_WARN_BOOL_CONVERSION = YES;
				CLANG_WARN_COMMA = YES;
				CLANG_WARN_CONSTANT_CONVERSION = YES;
				CLANG_WARN_DEPRECATED_OBJC_IMPLEMENTATIONS = YES;
				CLANG_WARN_DIRECT_OBJC_ISA_USAGE = YES_ERROR;
				CLANG_WARN_DOCUMENTATION_COMMENTS = YES;
				CLANG_WARN_EMPTY_BODY = YES;
				CLANG_WARN_ENUM_CONVERSION = YES;
				CLANG_WARN_INFINITE_RECURSION = YES;
				CLANG_WARN_INT_CONVERSION = YES;
				CLANG_WARN_NON_LITERAL_NULL_CONVERSION = YES;
				CLANG_WARN_OBJC_IMPLICIT_RETAIN_SELF = YES;
				CLANG_WARN_OBJC_LITERAL_CONVERSION = YES;
				CLANG_WARN_OBJC_ROOT_CLASS = YES_ERROR;
				CLANG_WARN_RANGE_LOOP_ANALYSIS = YES;
				CLANG_WARN_STRICT_PROTOTYPES = YES;
				CLANG_WARN_SUSPICIOUS_MOVE = YES;
				CLANG_WARN_UNGUARDED_AVAILABILITY = YES_AGGRESSIVE;
				CLANG_WARN_UNREACHABLE_CODE = YES;
				CLANG_WARN__DUPLICATE_METHOD_MATCH = YES;
				COPY_PHASE_STRIP = NO;
				DEBUG_INFORMATION_FORMAT = "dwarf-with-dsym";
				ENABLE_NS_ASSERTIONS = NO;
				ENABLE_STRICT_OBJC_MSGSEND = YES;
				GCC_C_LANGUAGE_STANDARD = gnu11;
				GCC_NO_COMMON_BLOCKS = YES;
				GCC_WARN_64_TO_32_BIT_CONVERSION = YES;
				GCC_WARN_ABOUT_RETURN_TYPE = YES_ERROR;
				GCC_WARN_UNDECLARED_SELECTOR = YES;
				GCC_WARN_UNINITIALIZED_AUTOS = YES_AGGRESSIVE;
				GCC_WARN_UNUSED_FUNCTION = YES;
				GCC_WARN_UNUSED_VARIABLE = YES;
				IPHONEOS_DEPLOYMENT_TARGET = 13.0;
				MTL_ENABLE_DEBUG_INFO = NO;
				MTL_FAST_MATH = YES;
				SDKROOT = iphoneos;
				SWIFT_COMPILATION_MODE = wholemodule;
				SWIFT_OPTIMIZATION_LEVEL = "-O";
				VALIDATE_PRODUCT = YES;
			};
			name = Release;
		};
		14C88DD923B7E0BE001AD3BC /* Debug */ = {
			isa = XCBuildConfiguration;
			buildSettings = {
				ASSETCATALOG_COMPILER_APPICON_NAME = AppIcon;
				CODE_SIGN_STYLE = Automatic;
				DEVELOPMENT_TEAM = HR3JGB5X8T;
				INFOPLIST_FILE = "Currncy Converter/Info.plist";
				LD_RUNPATH_SEARCH_PATHS = (
					"$(inherited)",
					"@executable_path/Frameworks",
				);
				PRODUCT_BUNDLE_IDENTIFIER = "com.noura.Currncy-Converter";
				PRODUCT_NAME = "$(TARGET_NAME)";
				SWIFT_VERSION = 5.0;
				TARGETED_DEVICE_FAMILY = "1,2";
			};
			name = Debug;
		};
		14C88DDA23B7E0BE001AD3BC /* Release */ = {
			isa = XCBuildConfiguration;
			buildSettings = {
				ASSETCATALOG_COMPILER_APPICON_NAME = AppIcon;
				CODE_SIGN_STYLE = Automatic;
				DEVELOPMENT_TEAM = 232776J4C5;
				INFOPLIST_FILE = "Currncy Converter/Info.plist";
				LD_RUNPATH_SEARCH_PATHS = (
					"$(inherited)",
					"@executable_path/Frameworks",
				);
				PRODUCT_BUNDLE_IDENTIFIER = "com.noura.Currncy-Converter";
				PRODUCT_NAME = "$(TARGET_NAME)";
				SWIFT_VERSION = 5.0;
				TARGETED_DEVICE_FAMILY = "1,2";
			};
			name = Release;
		};
		14C88DDC23B7E0BE001AD3BC /* Debug */ = {
			isa = XCBuildConfiguration;
			buildSettings = {
				ALWAYS_EMBED_SWIFT_STANDARD_LIBRARIES = YES;
				CODE_SIGN_STYLE = Automatic;
				DEVELOPMENT_TEAM = 232776J4C5;
				INFOPLIST_FILE = "Currncy ConverterUITests/Info.plist";
				LD_RUNPATH_SEARCH_PATHS = (
					"$(inherited)",
					"@executable_path/Frameworks",
					"@loader_path/Frameworks",
				);
				PRODUCT_BUNDLE_IDENTIFIER = "com.noura.Currncy-ConverterUITests";
				PRODUCT_NAME = "$(TARGET_NAME)";
				SWIFT_VERSION = 5.0;
				TARGETED_DEVICE_FAMILY = "1,2";
				TEST_TARGET_NAME = "Currncy Converter";
			};
			name = Debug;
		};
		14C88DDD23B7E0BE001AD3BC /* Release */ = {
			isa = XCBuildConfiguration;
			buildSettings = {
				ALWAYS_EMBED_SWIFT_STANDARD_LIBRARIES = YES;
				CODE_SIGN_STYLE = Automatic;
				DEVELOPMENT_TEAM = 232776J4C5;
				INFOPLIST_FILE = "Currncy ConverterUITests/Info.plist";
				LD_RUNPATH_SEARCH_PATHS = (
					"$(inherited)",
					"@executable_path/Frameworks",
					"@loader_path/Frameworks",
				);
				PRODUCT_BUNDLE_IDENTIFIER = "com.noura.Currncy-ConverterUITests";
				PRODUCT_NAME = "$(TARGET_NAME)";
				SWIFT_VERSION = 5.0;
				TARGETED_DEVICE_FAMILY = "1,2";
				TEST_TARGET_NAME = "Currncy Converter";
			};
			name = Release;
		};
/* End XCBuildConfiguration section */

/* Begin XCConfigurationList section */
		14C88DB423B7E0BB001AD3BC /* Build configuration list for PBXProject "Currncy Converter" */ = {
			isa = XCConfigurationList;
			buildConfigurations = (
				14C88DD623B7E0BE001AD3BC /* Debug */,
				14C88DD723B7E0BE001AD3BC /* Release */,
			);
			defaultConfigurationIsVisible = 0;
			defaultConfigurationName = Release;
		};
		14C88DD823B7E0BE001AD3BC /* Build configuration list for PBXNativeTarget "Currncy Converter" */ = {
			isa = XCConfigurationList;
			buildConfigurations = (
				14C88DD923B7E0BE001AD3BC /* Debug */,
				14C88DDA23B7E0BE001AD3BC /* Release */,
			);
			defaultConfigurationIsVisible = 0;
			defaultConfigurationName = Release;
		};
		14C88DDB23B7E0BE001AD3BC /* Build configuration list for PBXNativeTarget "Currncy ConverterUITests" */ = {
			isa = XCConfigurationList;
			buildConfigurations = (
				14C88DDC23B7E0BE001AD3BC /* Debug */,
				14C88DDD23B7E0BE001AD3BC /* Release */,
			);
			defaultConfigurationIsVisible = 0;
			defaultConfigurationName = Release;
		};
/* End XCConfigurationList section */
	};
	rootObject = 14C88DB123B7E0BB001AD3BC /* Project object */;
}
