// !$*UTF8*$!
{
	archiveVersion = 1;
	classes = {
	};
	objectVersion = 50;
	objects = {

/* Begin PBXBuildFile section */
		14ADAA0323B2D469000C2227 /* AppDelegate.swift in Sources */ = {isa = PBXBuildFile; fileRef = 14ADAA0223B2D469000C2227 /* AppDelegate.swift */; };
		14ADAA0523B2D469000C2227 /* SceneDelegate.swift in Sources */ = {isa = PBXBuildFile; fileRef = 14ADAA0423B2D469000C2227 /* SceneDelegate.swift */; };
		14ADAA0723B2D469000C2227 /* ViewController.swift in Sources */ = {isa = PBXBuildFile; fileRef = 14ADAA0623B2D469000C2227 /* ViewController.swift */; };
		14ADAA0A23B2D469000C2227 /* Main.storyboard in Resources */ = {isa = PBXBuildFile; fileRef = 14ADAA0823B2D469000C2227 /* Main.storyboard */; };
		14ADAA0C23B2D46B000C2227 /* Assets.xcassets in Resources */ = {isa = PBXBuildFile; fileRef = 14ADAA0B23B2D46B000C2227 /* Assets.xcassets */; };
		14ADAA0F23B2D46B000C2227 /* LaunchScreen.storyboard in Resources */ = {isa = PBXBuildFile; fileRef = 14ADAA0D23B2D46B000C2227 /* LaunchScreen.storyboard */; };
		14ADAA1A23B2D46B000C2227 /* CalculatorUITests.swift in Sources */ = {isa = PBXBuildFile; fileRef = 14ADAA1923B2D46B000C2227 /* CalculatorUITests.swift */; };
/* End PBXBuildFile section */

/* Begin PBXContainerItemProxy section */
		14ADAA1623B2D46B000C2227 /* PBXContainerItemProxy */ = {
			isa = PBXContainerItemProxy;
			containerPortal = 14ADA9F723B2D469000C2227 /* Project object */;
			proxyType = 1;
			remoteGlobalIDString = 14ADA9FE23B2D469000C2227;
			remoteInfo = Calculator;
		};
/* End PBXContainerItemProxy section */

/* Begin PBXFileReference section */
		14ADA9FF23B2D469000C2227 /* Calculator.app */ = {isa = PBXFileReference; explicitFileType = wrapper.application; includeInIndex = 0; path = Calculator.app; sourceTree = BUILT_PRODUCTS_DIR; };
		14ADAA0223B2D469000C2227 /* AppDelegate.swift */ = {isa = PBXFileReference; lastKnownFileType = sourcecode.swift; path = AppDelegate.swift; sourceTree = "<group>"; };
		14ADAA0423B2D469000C2227 /* SceneDelegate.swift */ = {isa = PBXFileReference; lastKnownFileType = sourcecode.swift; path = SceneDelegate.swift; sourceTree = "<group>"; };
		14ADAA0623B2D469000C2227 /* ViewController.swift */ = {isa = PBXFileReference; lastKnownFileType = sourcecode.swift; path = ViewController.swift; sourceTree = "<group>"; };
		14ADAA0923B2D469000C2227 /* Base */ = {isa = PBXFileReference; lastKnownFileType = file.storyboard; name = Base; path = Base.lproj/Main.storyboard; sourceTree = "<group>"; };
		14ADAA0B23B2D46B000C2227 /* Assets.xcassets */ = {isa = PBXFileReference; lastKnownFileType = folder.assetcatalog; path = Assets.xcassets; sourceTree = "<group>"; };
		14ADAA0E23B2D46B000C2227 /* Base */ = {isa = PBXFileReference; lastKnownFileType = file.storyboard; name = Base; path = Base.lproj/LaunchScreen.storyboard; sourceTree = "<group>"; };
		14ADAA1023B2D46B000C2227 /* Info.plist */ = {isa = PBXFileReference; lastKnownFileType = text.plist.xml; path = Info.plist; sourceTree = "<group>"; };
		14ADAA1523B2D46B000C2227 /* CalculatorUITests.xctest */ = {isa = PBXFileReference; explicitFileType = wrapper.cfbundle; includeInIndex = 0; path = CalculatorUITests.xctest; sourceTree = BUILT_PRODUCTS_DIR; };
		14ADAA1923B2D46B000C2227 /* CalculatorUITests.swift */ = {isa = PBXFileReference; lastKnownFileType = sourcecode.swift; path = CalculatorUITests.swift; sourceTree = "<group>"; };
		14ADAA1B23B2D46B000C2227 /* Info.plist */ = {isa = PBXFileReference; lastKnownFileType = text.plist.xml; path = Info.plist; sourceTree = "<group>"; };
/* End PBXFileReference section */

/* Begin PBXFrameworksBuildPhase section */
		14ADA9FC23B2D469000C2227 /* Frameworks */ = {
			isa = PBXFrameworksBuildPhase;
			buildActionMask = 2147483647;
			files = (
			);
			runOnlyForDeploymentPostprocessing = 0;
		};
		14ADAA1223B2D46B000C2227 /* Frameworks */ = {
			isa = PBXFrameworksBuildPhase;
			buildActionMask = 2147483647;
			files = (
			);
			runOnlyForDeploymentPostprocessing = 0;
		};
/* End PBXFrameworksBuildPhase section */

/* Begin PBXGroup section */
		14ADA9F623B2D469000C2227 = {
			isa = PBXGroup;
			children = (
				14ADAA0123B2D469000C2227 /* Calculator */,
				14ADAA1823B2D46B000C2227 /* CalculatorUITests */,
				14ADAA0023B2D469000C2227 /* Products */,
			);
			sourceTree = "<group>";
		};
		14ADAA0023B2D469000C2227 /* Products */ = {
			isa = PBXGroup;
			children = (
				14ADA9FF23B2D469000C2227 /* Calculator.app */,
				14ADAA1523B2D46B000C2227 /* CalculatorUITests.xctest */,
			);
			name = Products;
			sourceTree = "<group>";
		};
		14ADAA0123B2D469000C2227 /* Calculator */ = {
			isa = PBXGroup;
			children = (
				14ADAA0223B2D469000C2227 /* AppDelegate.swift */,
				14ADAA0423B2D469000C2227 /* SceneDelegate.swift */,
				14ADAA0623B2D469000C2227 /* ViewController.swift */,
				14ADAA0823B2D469000C2227 /* Main.storyboard */,
				14ADAA0B23B2D46B000C2227 /* Assets.xcassets */,
				14ADAA0D23B2D46B000C2227 /* LaunchScreen.storyboard */,
				14ADAA1023B2D46B000C2227 /* Info.plist */,
			);
			path = Calculator;
			sourceTree = "<group>";
		};
		14ADAA1823B2D46B000C2227 /* CalculatorUITests */ = {
			isa = PBXGroup;
			children = (
				14ADAA1923B2D46B000C2227 /* CalculatorUITests.swift */,
				14ADAA1B23B2D46B000C2227 /* Info.plist */,
			);
			path = CalculatorUITests;
			sourceTree = "<group>";
		};
/* End PBXGroup section */

/* Begin PBXNativeTarget section */
		14ADA9FE23B2D469000C2227 /* Calculator */ = {
			isa = PBXNativeTarget;
			buildConfigurationList = 14ADAA1E23B2D46B000C2227 /* Build configuration list for PBXNativeTarget "Calculator" */;
			buildPhases = (
				14ADA9FB23B2D469000C2227 /* Sources */,
				14ADA9FC23B2D469000C2227 /* Frameworks */,
				14ADA9FD23B2D469000C2227 /* Resources */,
			);
			buildRules = (
			);
			dependencies = (
			);
			name = Calculator;
			productName = Calculator;
			productReference = 14ADA9FF23B2D469000C2227 /* Calculator.app */;
			productType = "com.apple.product-type.application";
		};
		14ADAA1423B2D46B000C2227 /* CalculatorUITests */ = {
			isa = PBXNativeTarget;
			buildConfigurationList = 14ADAA2123B2D46B000C2227 /* Build configuration list for PBXNativeTarget "CalculatorUITests" */;
			buildPhases = (
				14ADAA1123B2D46B000C2227 /* Sources */,
				14ADAA1223B2D46B000C2227 /* Frameworks */,
				14ADAA1323B2D46B000C2227 /* Resources */,
			);
			buildRules = (
			);
			dependencies = (
				14ADAA1723B2D46B000C2227 /* PBXTargetDependency */,
			);
			name = CalculatorUITests;
			productName = CalculatorUITests;
			productReference = 14ADAA1523B2D46B000C2227 /* CalculatorUITests.xctest */;
			productType = "com.apple.product-type.bundle.ui-testing";
		};
/* End PBXNativeTarget section */

/* Begin PBXProject section */
		14ADA9F723B2D469000C2227 /* Project object */ = {
			isa = PBXProject;
			attributes = {
				LastSwiftUpdateCheck = 1120;
				LastUpgradeCheck = 1120;
				ORGANIZATIONNAME = "Noura Aziz";
				TargetAttributes = {
					14ADA9FE23B2D469000C2227 = {
						CreatedOnToolsVersion = 11.2;
					};
					14ADAA1423B2D46B000C2227 = {
						CreatedOnToolsVersion = 11.2;
						TestTargetID = 14ADA9FE23B2D469000C2227;
					};
				};
			};
			buildConfigurationList = 14ADA9FA23B2D469000C2227 /* Build configuration list for PBXProject "Calculator" */;
			compatibilityVersion = "Xcode 9.3";
			developmentRegion = en;
			hasScannedForEncodings = 0;
			knownRegions = (
				en,
				Base,
			);
			mainGroup = 14ADA9F623B2D469000C2227;
			productRefGroup = 14ADAA0023B2D469000C2227 /* Products */;
			projectDirPath = "";
			projectRoot = "";
			targets = (
				14ADA9FE23B2D469000C2227 /* Calculator */,
				14ADAA1423B2D46B000C2227 /* CalculatorUITests */,
			);
		};
/* End PBXProject section */

/* Begin PBXResourcesBuildPhase section */
		14ADA9FD23B2D469000C2227 /* Resources */ = {
			isa = PBXResourcesBuildPhase;
			buildActionMask = 2147483647;
			files = (
				14ADAA0F23B2D46B000C2227 /* LaunchScreen.storyboard in Resources */,
				14ADAA0C23B2D46B000C2227 /* Assets.xcassets in Resources */,
				14ADAA0A23B2D469000C2227 /* Main.storyboard in Resources */,
			);
			runOnlyForDeploymentPostprocessing = 0;
		};
		14ADAA1323B2D46B000C2227 /* Resources */ = {
			isa = PBXResourcesBuildPhase;
			buildActionMask = 2147483647;
			files = (
			);
			runOnlyForDeploymentPostprocessing = 0;
		};
/* End PBXResourcesBuildPhase section */

/* Begin PBXSourcesBuildPhase section */
		14ADA9FB23B2D469000C2227 /* Sources */ = {
			isa = PBXSourcesBuildPhase;
			buildActionMask = 2147483647;
			files = (
				14ADAA0723B2D469000C2227 /* ViewController.swift in Sources */,
				14ADAA0323B2D469000C2227 /* AppDelegate.swift in Sources */,
				14ADAA0523B2D469000C2227 /* SceneDelegate.swift in Sources */,
			);
			runOnlyForDeploymentPostprocessing = 0;
		};
		14ADAA1123B2D46B000C2227 /* Sources */ = {
			isa = PBXSourcesBuildPhase;
			buildActionMask = 2147483647;
			files = (
				14ADAA1A23B2D46B000C2227 /* CalculatorUITests.swift in Sources */,
			);
			runOnlyForDeploymentPostprocessing = 0;
		};
/* End PBXSourcesBuildPhase section */

/* Begin PBXTargetDependency section */
		14ADAA1723B2D46B000C2227 /* PBXTargetDependency */ = {
			isa = PBXTargetDependency;
			target = 14ADA9FE23B2D469000C2227 /* Calculator */;
			targetProxy = 14ADAA1623B2D46B000C2227 /* PBXContainerItemProxy */;
		};
/* End PBXTargetDependency section */

/* Begin PBXVariantGroup section */
		14ADAA0823B2D469000C2227 /* Main.storyboard */ = {
			isa = PBXVariantGroup;
			children = (
				14ADAA0923B2D469000C2227 /* Base */,
			);
			name = Main.storyboard;
			sourceTree = "<group>";
		};
		14ADAA0D23B2D46B000C2227 /* LaunchScreen.storyboard */ = {
			isa = PBXVariantGroup;
			children = (
				14ADAA0E23B2D46B000C2227 /* Base */,
			);
			name = LaunchScreen.storyboard;
			sourceTree = "<group>";
		};
/* End PBXVariantGroup section */

/* Begin XCBuildConfiguration section */
		14ADAA1C23B2D46B000C2227 /* Debug */ = {
			isa = XCBuildConfiguration;
			buildSettings = {
				ALWAYS_SEARCH_USER_PATHS = NO;
				CLANG_ANALYZER_NONNULL = YES;
				CLANG_ANALYZER_NUMBER_OBJECT_CONVERSION = YES_AGGRESSIVE;
				CLANG_CXX_LANGUAGE_STANDARD = "gnu++14";
				CLANG_CXX_LIBRARY = "libc++";
				CLANG_ENABLE_MODULES = YES;
				CLANG_ENABLE_OBJC_ARC = YES;
				CLANG_ENABLE_OBJC_WEAK = YES;
				CLANG_WARN_BLOCK_CAPTURE_AUTORELEASING = YES;
				CLANG_WARN_BOOL_CONVERSION = YES;
				CLANG_WARN_COMMA = YES;
				CLANG_WARN_CONSTANT_CONVERSION = YES;
				CLANG_WARN_DEPRECATED_OBJC_IMPLEMENTATIONS = YES;
				CLANG_WARN_DIRECT_OBJC_ISA_USAGE = YES_ERROR;
				CLANG_WARN_DOCUMENTATION_COMMENTS = YES;
				CLANG_WARN_EMPTY_BODY = YES;
				CLANG_WARN_ENUM_CONVERSION = YES;
				CLANG_WARN_INFINITE_RECURSION = YES;
				CLANG_WARN_INT_CONVERSION = YES;
				CLANG_WARN_NON_LITERAL_NULL_CONVERSION = YES;
				CLANG_WARN_OBJC_IMPLICIT_RETAIN_SELF = YES;
				CLANG_WARN_OBJC_LITERAL_CONVERSION = YES;
				CLANG_WARN_OBJC_ROOT_CLASS = YES_ERROR;
				CLANG_WARN_RANGE_LOOP_ANALYSIS = YES;
				CLANG_WARN_STRICT_PROTOTYPES = YES;
				CLANG_WARN_SUSPICIOUS_MOVE = YES;
				CLANG_WARN_UNGUARDED_AVAILABILITY = YES_AGGRESSIVE;
				CLANG_WARN_UNREACHABLE_CODE = YES;
				CLANG_WARN__DUPLICATE_METHOD_MATCH = YES;
				COPY_PHASE_STRIP = NO;
				DEBUG_INFORMATION_FORMAT = dwarf;
				ENABLE_STRICT_OBJC_MSGSEND = YES;
				ENABLE_TESTABILITY = YES;
				GCC_C_LANGUAGE_STANDARD = gnu11;
				GCC_DYNAMIC_NO_PIC = NO;
				GCC_NO_COMMON_BLOCKS = YES;
				GCC_OPTIMIZATION_LEVEL = 0;
				GCC_PREPROCESSOR_DEFINITIONS = (
					"DEBUG=1",
					"$(inherited)",
				);
				GCC_WARN_64_TO_32_BIT_CONVERSION = YES;
				GCC_WARN_ABOUT_RETURN_TYPE = YES_ERROR;
				GCC_WARN_UNDECLARED_SELECTOR = YES;
				GCC_WARN_UNINITIALIZED_AUTOS = YES_AGGRESSIVE;
				GCC_WARN_UNUSED_FUNCTION = YES;
				GCC_WARN_UNUSED_VARIABLE = YES;
				IPHONEOS_DEPLOYMENT_TARGET = 13.2;
				MTL_ENABLE_DEBUG_INFO = INCLUDE_SOURCE;
				MTL_FAST_MATH = YES;
				ONLY_ACTIVE_ARCH = YES;
				SDKROOT = iphoneos;
				SWIFT_ACTIVE_COMPILATION_CONDITIONS = DEBUG;
				SWIFT_OPTIMIZATION_LEVEL = "-Onone";
			};
			name = Debug;
		};
		14ADAA1D23B2D46B000C2227 /* Release */ = {
			isa = XCBuildConfiguration;
			buildSettings = {
				ALWAYS_SEARCH_USER_PATHS = NO;
				CLANG_ANALYZER_NONNULL = YES;
				CLANG_ANALYZER_NUMBER_OBJECT_CONVERSION = YES_AGGRESSIVE;
				CLANG_CXX_LANGUAGE_STANDARD = "gnu++14";
				CLANG_CXX_LIBRARY = "libc++";
				CLANG_ENABLE_MODULES = YES;
				CLANG_ENABLE_OBJC_ARC = YES;
				CLANG_ENABLE_OBJC_WEAK = YES;
				CLANG_WARN_BLOCK_CAPTURE_AUTORELEASING = YES;
				CLANG_WARN_BOOL_CONVERSION = YES;
				CLANG_WARN_COMMA = YES;
				CLANG_WARN_CONSTANT_CONVERSION = YES;
				CLANG_WARN_DEPRECATED_OBJC_IMPLEMENTATIONS = YES;
				CLANG_WARN_DIRECT_OBJC_ISA_USAGE = YES_ERROR;
				CLANG_WARN_DOCUMENTATION_COMMENTS = YES;
				CLANG_WARN_EMPTY_BODY = YES;
				CLANG_WARN_ENUM_CONVERSION = YES;
				CLANG_WARN_INFINITE_RECURSION = YES;
				CLANG_WARN_INT_CONVERSION = YES;
				CLANG_WARN_NON_LITERAL_NULL_CONVERSION = YES;
				CLANG_WARN_OBJC_IMPLICIT_RETAIN_SELF = YES;
				CLANG_WARN_OBJC_LITERAL_CONVERSION = YES;
				CLANG_WARN_OBJC_ROOT_CLASS = YES_ERROR;
				CLANG_WARN_RANGE_LOOP_ANALYSIS = YES;
				CLANG_WARN_STRICT_PROTOTYPES = YES;
				CLANG_WARN_SUSPICIOUS_MOVE = YES;
				CLANG_WARN_UNGUARDED_AVAILABILITY = YES_AGGRESSIVE;
				CLANG_WARN_UNREACHABLE_CODE = YES;
				CLANG_WARN__DUPLICATE_METHOD_MATCH = YES;
				COPY_PHASE_STRIP = NO;
				DEBUG_INFORMATION_FORMAT = "dwarf-with-dsym";
				ENABLE_NS_ASSERTIONS = NO;
				ENABLE_STRICT_OBJC_MSGSEND = YES;
				GCC_C_LANGUAGE_STANDARD = gnu11;
				GCC_NO_COMMON_BLOCKS = YES;
				GCC_WARN_64_TO_32_BIT_CONVERSION = YES;
				GCC_WARN_ABOUT_RETURN_TYPE = YES_ERROR;
				GCC_WARN_UNDECLARED_SELECTOR = YES;
				GCC_WARN_UNINITIALIZED_AUTOS = YES_AGGRESSIVE;
				GCC_WARN_UNUSED_FUNCTION = YES;
				GCC_WARN_UNUSED_VARIABLE = YES;
				IPHONEOS_DEPLOYMENT_TARGET = 13.2;
				MTL_ENABLE_DEBUG_INFO = NO;
				MTL_FAST_MATH = YES;
				SDKROOT = iphoneos;
				SWIFT_COMPILATION_MODE = wholemodule;
				SWIFT_OPTIMIZATION_LEVEL = "-O";
				VALIDATE_PRODUCT = YES;
			};
			name = Release;
		};
		14ADAA1F23B2D46B000C2227 /* Debug */ = {
			isa = XCBuildConfiguration;
			buildSettings = {
				ASSETCATALOG_COMPILER_APPICON_NAME = AppIcon;
				CODE_SIGN_STYLE = Automatic;
				DEVELOPMENT_TEAM = 232776J4C5;
				INFOPLIST_FILE = Calculator/Info.plist;
				LD_RUNPATH_SEARCH_PATHS = (
					"$(inherited)",
					"@executable_path/Frameworks",
				);
				PRODUCT_BUNDLE_IDENTIFIER = com.noura.Calculator;
				PRODUCT_NAME = "$(TARGET_NAME)";
				SWIFT_VERSION = 5.0;
				TARGETED_DEVICE_FAMILY = "1,2";
			};
			name = Debug;
		};
		14ADAA2023B2D46B000C2227 /* Release */ = {
			isa = XCBuildConfiguration;
			buildSettings = {
				ASSETCATALOG_COMPILER_APPICON_NAME = AppIcon;
				CODE_SIGN_STYLE = Automatic;
				DEVELOPMENT_TEAM = 232776J4C5;
				INFOPLIST_FILE = Calculator/Info.plist;
				LD_RUNPATH_SEARCH_PATHS = (
					"$(inherited)",
					"@executable_path/Frameworks",
				);
				PRODUCT_BUNDLE_IDENTIFIER = com.noura.Calculator;
				PRODUCT_NAME = "$(TARGET_NAME)";
				SWIFT_VERSION = 5.0;
				TARGETED_DEVICE_FAMILY = "1,2";
			};
			name = Release;
		};
		14ADAA2223B2D46B000C2227 /* Debug */ = {
			isa = XCBuildConfiguration;
			buildSettings = {
				ALWAYS_EMBED_SWIFT_STANDARD_LIBRARIES = YES;
				CODE_SIGN_STYLE = Automatic;
				DEVELOPMENT_TEAM = 232776J4C5;
				INFOPLIST_FILE = CalculatorUITests/Info.plist;
				LD_RUNPATH_SEARCH_PATHS = (
					"$(inherited)",
					"@executable_path/Frameworks",
					"@loader_path/Frameworks",
				);
				PRODUCT_BUNDLE_IDENTIFIER = com.noura.CalculatorUITests;
				PRODUCT_NAME = "$(TARGET_NAME)";
				SWIFT_VERSION = 5.0;
				TARGETED_DEVICE_FAMILY = "1,2";
				TEST_TARGET_NAME = Calculator;
			};
			name = Debug;
		};
		14ADAA2323B2D46B000C2227 /* Release */ = {
			isa = XCBuildConfiguration;
			buildSettings = {
				ALWAYS_EMBED_SWIFT_STANDARD_LIBRARIES = YES;
				CODE_SIGN_STYLE = Automatic;
				DEVELOPMENT_TEAM = 232776J4C5;
				INFOPLIST_FILE = CalculatorUITests/Info.plist;
				LD_RUNPATH_SEARCH_PATHS = (
					"$(inherited)",
					"@executable_path/Frameworks",
					"@loader_path/Frameworks",
				);
				PRODUCT_BUNDLE_IDENTIFIER = com.noura.CalculatorUITests;
				PRODUCT_NAME = "$(TARGET_NAME)";
				SWIFT_VERSION = 5.0;
				TARGETED_DEVICE_FAMILY = "1,2";
				TEST_TARGET_NAME = Calculator;
			};
			name = Release;
		};
/* End XCBuildConfiguration section */

/* Begin XCConfigurationList section */
		14ADA9FA23B2D469000C2227 /* Build configuration list for PBXProject "Calculator" */ = {
			isa = XCConfigurationList;
			buildConfigurations = (
				14ADAA1C23B2D46B000C2227 /* Debug */,
				14ADAA1D23B2D46B000C2227 /* Release */,
			);
			defaultConfigurationIsVisible = 0;
			defaultConfigurationName = Release;
		};
		14ADAA1E23B2D46B000C2227 /* Build configuration list for PBXNativeTarget "Calculator" */ = {
			isa = XCConfigurationList;
			buildConfigurations = (
				14ADAA1F23B2D46B000C2227 /* Debug */,
				14ADAA2023B2D46B000C2227 /* Release */,
			);
			defaultConfigurationIsVisible = 0;
			defaultConfigurationName = Release;
		};
		14ADAA2123B2D46B000C2227 /* Build configuration list for PBXNativeTarget "CalculatorUITests" */ = {
			isa = XCConfigurationList;
			buildConfigurations = (
				14ADAA2223B2D46B000C2227 /* Debug */,
				14ADAA2323B2D46B000C2227 /* Release */,
			);
			defaultConfigurationIsVisible = 0;
			defaultConfigurationName = Release;
		};
/* End XCConfigurationList section */
	};
	rootObject = 14ADA9F723B2D469000C2227 /* Project object */;
}
